
Microsoft Visual Studio Solution File, Format Version 12.00
# Visual Studio 15
VisualStudioVersion = 15.0.26403.0
MinimumVisualStudioVersion = 10.0.40219.1
Project("{FAE04EC0-301F-11D3-BF4B-00C04F79EFBC}") = "RapidNotify", "RapidNotify\RapidNotify\RapidNotify.csproj", "{393563B0-DAEC-41DA-BAAB-74A718542891}"
EndProject
Project("{FAE04EC0-301F-11D3-BF4B-00C04F79EFBC}") = "RapidNotify.Android", "RapidNotify\RapidNotify.Android\RapidNotify.Android.csproj", "{D228DA9B-A6A8-49F1-9ADF-99D662DE17AB}"
EndProject
Project("{FAE04EC0-301F-11D3-BF4B-00C04F79EFBC}") = "RapidNotify.iOS", "RapidNotify\RapidNotify.iOS\RapidNotify.iOS.csproj", "{5A070D41-FA93-4962-99D5-14353944C80C}"
EndProject
Project("{FAE04EC0-301F-11D3-BF4B-00C04F79EFBC}") = "RapidNotify.UWP", "RapidNotify\RapidNotify.UWP\RapidNotify.UWP.csproj", "{CA1622EA-C0A3-487E-B47F-5B13FF8920EC}"
EndProject
Global
	GlobalSection(SolutionConfigurationPlatforms) = preSolution
		Debug|Any CPU = Debug|Any CPU
		Debug|ARM = Debug|ARM
		Debug|iPhone = Debug|iPhone
		Debug|iPhoneSimulator = Debug|iPhoneSimulator
		Debug|x64 = Debug|x64
		Debug|x86 = Debug|x86
		Release|Any CPU = Release|Any CPU
		Release|ARM = Release|ARM
		Release|iPhone = Release|iPhone
		Release|iPhoneSimulator = Release|iPhoneSimulator
		Release|x64 = Release|x64
		Release|x86 = Release|x86
	EndGlobalSection
	GlobalSection(ProjectConfigurationPlatforms) = postSolution
		{393563B0-DAEC-41DA-BAAB-74A718542891}.Debug|Any CPU.ActiveCfg = Debug|Any CPU
		{393563B0-DAEC-41DA-BAAB-74A718542891}.Debug|Any CPU.Build.0 = Debug|Any CPU
		{393563B0-DAEC-41DA-BAAB-74A718542891}.Debug|ARM.ActiveCfg = Debug|Any CPU
		{393563B0-DAEC-41DA-BAAB-74A718542891}.Debug|ARM.Build.0 = Debug|Any CPU
		{393563B0-DAEC-41DA-BAAB-74A718542891}.Debug|iPhone.ActiveCfg = Debug|Any CPU
		{393563B0-DAEC-41DA-BAAB-74A718542891}.Debug|iPhone.Build.0 = Debug|Any CPU
		{393563B0-DAEC-41DA-BAAB-74A718542891}.Debug|iPhoneSimulator.ActiveCfg = Debug|Any CPU
		{393563B0-DAEC-41DA-BAAB-74A718542891}.Debug|iPhoneSimulator.Build.0 = Debug|Any CPU
		{393563B0-DAEC-41DA-BAAB-74A718542891}.Debug|x64.ActiveCfg = Debug|Any CPU
		{393563B0-DAEC-41DA-BAAB-74A718542891}.Debug|x64.Build.0 = Debug|Any CPU
		{393563B0-DAEC-41DA-BAAB-74A718542891}.Debug|x86.ActiveCfg = Debug|Any CPU
		{393563B0-DAEC-41DA-BAAB-74A718542891}.Debug|x86.Build.0 = Debug|Any CPU
		{393563B0-DAEC-41DA-BAAB-74A718542891}.Release|Any CPU.ActiveCfg = Release|Any CPU
		{393563B0-DAEC-41DA-BAAB-74A718542891}.Release|Any CPU.Build.0 = Release|Any CPU
		{393563B0-DAEC-41DA-BAAB-74A718542891}.Release|ARM.ActiveCfg = Release|Any CPU
		{393563B0-DAEC-41DA-BAAB-74A718542891}.Release|ARM.Build.0 = Release|Any CPU
		{393563B0-DAEC-41DA-BAAB-74A718542891}.Release|iPhone.ActiveCfg = Release|Any CPU
		{393563B0-DAEC-41DA-BAAB-74A718542891}.Release|iPhone.Build.0 = Release|Any CPU
		{393563B0-DAEC-41DA-BAAB-74A718542891}.Release|iPhoneSimulator.ActiveCfg = Release|Any CPU
		{393563B0-DAEC-41DA-BAAB-74A718542891}.Release|iPhoneSimulator.Build.0 = Release|Any CPU
		{393563B0-DAEC-41DA-BAAB-74A718542891}.Release|x64.ActiveCfg = Release|Any CPU
		{393563B0-DAEC-41DA-BAAB-74A718542891}.Release|x64.Build.0 = Release|Any CPU
		{393563B0-DAEC-41DA-BAAB-74A718542891}.Release|x86.ActiveCfg = Release|Any CPU
		{393563B0-DAEC-41DA-BAAB-74A718542891}.Release|x86.Build.0 = Release|Any CPU
		{D228DA9B-A6A8-49F1-9ADF-99D662DE17AB}.Debug|Any CPU.ActiveCfg = Debug|Any CPU
		{D228DA9B-A6A8-49F1-9ADF-99D662DE17AB}.Debug|Any CPU.Build.0 = Debug|Any CPU
		{D228DA9B-A6A8-49F1-9ADF-99D662DE17AB}.Debug|Any CPU.Deploy.0 = Debug|Any CPU
		{D228DA9B-A6A8-49F1-9ADF-99D662DE17AB}.Debug|ARM.ActiveCfg = Debug|Any CPU
		{D228DA9B-A6A8-49F1-9ADF-99D662DE17AB}.Debug|ARM.Build.0 = Debug|Any CPU
		{D228DA9B-A6A8-49F1-9ADF-99D662DE17AB}.Debug|ARM.Deploy.0 = Debug|Any CPU
		{D228DA9B-A6A8-49F1-9ADF-99D662DE17AB}.Debug|iPhone.ActiveCfg = Debug|Any CPU
		{D228DA9B-A6A8-49F1-9ADF-99D662DE17AB}.Debug|iPhone.Build.0 = Debug|Any CPU
		{D228DA9B-A6A8-49F1-9ADF-99D662DE17AB}.Debug|iPhone.Deploy.0 = Debug|Any CPU
		{D228DA9B-A6A8-49F1-9ADF-99D662DE17AB}.Debug|iPhoneSimulator.ActiveCfg = Debug|Any CPU
		{D228DA9B-A6A8-49F1-9ADF-99D662DE17AB}.Debug|iPhoneSimulator.Build.0 = Debug|Any CPU
		{D228DA9B-A6A8-49F1-9ADF-99D662DE17AB}.Debug|iPhoneSimulator.Deploy.0 = Debug|Any CPU
		{D228DA9B-A6A8-49F1-9ADF-99D662DE17AB}.Debug|x64.ActiveCfg = Debug|Any CPU
		{D228DA9B-A6A8-49F1-9ADF-99D662DE17AB}.Debug|x64.Build.0 = Debug|Any CPU
		{D228DA9B-A6A8-49F1-9ADF-99D662DE17AB}.Debug|x64.Deploy.0 = Debug|Any CPU
		{D228DA9B-A6A8-49F1-9ADF-99D662DE17AB}.Debug|x86.ActiveCfg = Debug|Any CPU
		{D228DA9B-A6A8-49F1-9ADF-99D662DE17AB}.Debug|x86.Build.0 = Debug|Any CPU
		{D228DA9B-A6A8-49F1-9ADF-99D662DE17AB}.Debug|x86.Deploy.0 = Debug|Any CPU
		{D228DA9B-A6A8-49F1-9ADF-99D662DE17AB}.Release|Any CPU.ActiveCfg = Release|Any CPU
		{D228DA9B-A6A8-49F1-9ADF-99D662DE17AB}.Release|Any CPU.Build.0 = Release|Any CPU
		{D228DA9B-A6A8-49F1-9ADF-99D662DE17AB}.Release|Any CPU.Deploy.0 = Release|Any CPU
		{D228DA9B-A6A8-49F1-9ADF-99D662DE17AB}.Release|ARM.ActiveCfg = Release|Any CPU
		{D228DA9B-A6A8-49F1-9ADF-99D662DE17AB}.Release|ARM.Build.0 = Release|Any CPU
		{D228DA9B-A6A8-49F1-9ADF-99D662DE17AB}.Release|ARM.Deploy.0 = Release|Any CPU
		{D228DA9B-A6A8-49F1-9ADF-99D662DE17AB}.Release|iPhone.ActiveCfg = Release|Any CPU
		{D228DA9B-A6A8-49F1-9ADF-99D662DE17AB}.Release|iPhone.Build.0 = Release|Any CPU
		{D228DA9B-A6A8-49F1-9ADF-99D662DE17AB}.Release|iPhone.Deploy.0 = Release|Any CPU
		{D228DA9B-A6A8-49F1-9ADF-99D662DE17AB}.Release|iPhoneSimulator.ActiveCfg = Release|Any CPU
		{D228DA9B-A6A8-49F1-9ADF-99D662DE17AB}.Release|iPhoneSimulator.Build.0 = Release|Any CPU
		{D228DA9B-A6A8-49F1-9ADF-99D662DE17AB}.Release|iPhoneSimulator.Deploy.0 = Release|Any CPU
		{D228DA9B-A6A8-49F1-9ADF-99D662DE17AB}.Release|x64.ActiveCfg = Release|Any CPU
		{D228DA9B-A6A8-49F1-9ADF-99D662DE17AB}.Release|x64.Build.0 = Release|Any CPU
		{D228DA9B-A6A8-49F1-9ADF-99D662DE17AB}.Release|x64.Deploy.0 = Release|Any CPU
		{D228DA9B-A6A8-49F1-9ADF-99D662DE17AB}.Release|x86.ActiveCfg = Release|Any CPU
		{D228DA9B-A6A8-49F1-9ADF-99D662DE17AB}.Release|x86.Build.0 = Release|Any CPU
		{D228DA9B-A6A8-49F1-9ADF-99D662DE17AB}.Release|x86.Deploy.0 = Release|Any CPU
		{5A070D41-FA93-4962-99D5-14353944C80C}.Debug|Any CPU.ActiveCfg = Debug|iPhone
		{5A070D41-FA93-4962-99D5-14353944C80C}.Debug|ARM.ActiveCfg = Debug|iPhone
		{5A070D41-FA93-4962-99D5-14353944C80C}.Debug|iPhone.ActiveCfg = Debug|iPhone
		{5A070D41-FA93-4962-99D5-14353944C80C}.Debug|iPhone.Build.0 = Debug|iPhone
		{5A070D41-FA93-4962-99D5-14353944C80C}.Debug|iPhoneSimulator.ActiveCfg = Debug|iPhoneSimulator
		{5A070D41-FA93-4962-99D5-14353944C80C}.Debug|iPhoneSimulator.Build.0 = Debug|iPhoneSimulator
		{5A070D41-FA93-4962-99D5-14353944C80C}.Debug|x64.ActiveCfg = Debug|iPhone
		{5A070D41-FA93-4962-99D5-14353944C80C}.Debug|x86.ActiveCfg = Debug|iPhone
		{5A070D41-FA93-4962-99D5-14353944C80C}.Release|Any CPU.ActiveCfg = Release|iPhone
		{5A070D41-FA93-4962-99D5-14353944C80C}.Release|ARM.ActiveCfg = Release|iPhone
		{5A070D41-FA93-4962-99D5-14353944C80C}.Release|iPhone.ActiveCfg = Release|iPhone
		{5A070D41-FA93-4962-99D5-14353944C80C}.Release|iPhone.Build.0 = Release|iPhone
		{5A070D41-FA93-4962-99D5-14353944C80C}.Release|iPhoneSimulator.ActiveCfg = Release|iPhoneSimulator
		{5A070D41-FA93-4962-99D5-14353944C80C}.Release|iPhoneSimulator.Build.0 = Release|iPhoneSimulator
		{5A070D41-FA93-4962-99D5-14353944C80C}.Release|x64.ActiveCfg = Release|iPhone
		{5A070D41-FA93-4962-99D5-14353944C80C}.Release|x86.ActiveCfg = Release|iPhone
		{CA1622EA-C0A3-487E-B47F-5B13FF8920EC}.Debug|Any CPU.ActiveCfg = Debug|x86
		{CA1622EA-C0A3-487E-B47F-5B13FF8920EC}.Debug|ARM.ActiveCfg = Debug|ARM
		{CA1622EA-C0A3-487E-B47F-5B13FF8920EC}.Debug|ARM.Build.0 = Debug|ARM
		{CA1622EA-C0A3-487E-B47F-5B13FF8920EC}.Debug|ARM.Deploy.0 = Debug|ARM
		{CA1622EA-C0A3-487E-B47F-5B13FF8920EC}.Debug|iPhone.ActiveCfg = Debug|x86
		{CA1622EA-C0A3-487E-B47F-5B13FF8920EC}.Debug|iPhoneSimulator.ActiveCfg = Debug|x86
		{CA1622EA-C0A3-487E-B47F-5B13FF8920EC}.Debug|x64.ActiveCfg = Debug|x64
		{CA1622EA-C0A3-487E-B47F-5B13FF8920EC}.Debug|x64.Build.0 = Debug|x64
		{CA1622EA-C0A3-487E-B47F-5B13FF8920EC}.Debug|x64.Deploy.0 = Debug|x64
		{CA1622EA-C0A3-487E-B47F-5B13FF8920EC}.Debug|x86.ActiveCfg = Debug|x86
		{CA1622EA-C0A3-487E-B47F-5B13FF8920EC}.Debug|x86.Build.0 = Debug|x86
		{CA1622EA-C0A3-487E-B47F-5B13FF8920EC}.Debug|x86.Deploy.0 = Debug|x86
		{CA1622EA-C0A3-487E-B47F-5B13FF8920EC}.Release|Any CPU.ActiveCfg = Release|x86
		{CA1622EA-C0A3-487E-B47F-5B13FF8920EC}.Release|ARM.ActiveCfg = Release|ARM
		{CA1622EA-C0A3-487E-B47F-5B13FF8920EC}.Release|ARM.Build.0 = Release|ARM
		{CA1622EA-C0A3-487E-B47F-5B13FF8920EC}.Release|ARM.Deploy.0 = Release|ARM
		{CA1622EA-C0A3-487E-B47F-5B13FF8920EC}.Release|iPhone.ActiveCfg = Release|x86
		{CA1622EA-C0A3-487E-B47F-5B13FF8920EC}.Release|iPhoneSimulator.ActiveCfg = Release|x86
		{CA1622EA-C0A3-487E-B47F-5B13FF8920EC}.Release|x64.ActiveCfg = Release|x64
		{CA1622EA-C0A3-487E-B47F-5B13FF8920EC}.Release|x64.Build.0 = Release|x64
		{CA1622EA-C0A3-487E-B47F-5B13FF8920EC}.Release|x64.Deploy.0 = Release|x64
		{CA1622EA-C0A3-487E-B47F-5B13FF8920EC}.Release|x86.ActiveCfg = Release|x86
		{CA1622EA-C0A3-487E-B47F-5B13FF8920EC}.Release|x86.Build.0 = Release|x86
		{CA1622EA-C0A3-487E-B47F-5B13FF8920EC}.Release|x86.Deploy.0 = Release|x86
	EndGlobalSection
	GlobalSection(SolutionProperties) = preSolution
		HideSolutionNode = FALSE
	EndGlobalSection
EndGlobal
