
Microsoft Visual Studio Solution File, Format Version 12.00
# Visual Studio 15
VisualStudioVersion = 15.0.26430.16
MinimumVisualStudioVersion = 10.0.40219.1
Project("{FAE04EC0-301F-11D3-BF4B-00C04F79EFBC}") = "RapidNotify", "RapidNotify\RapidNotify\RapidNotify.csproj", "{393563B0-DAEC-41DA-BAAB-74A718542891}"
EndProject
Project("{FAE04EC0-301F-11D3-BF4B-00C04F79EFBC}") = "RapidNotify.Android", "RapidNotify\RapidNotify.Android\RapidNotify.Android.csproj", "{D228DA9B-A6A8-49F1-9ADF-99D662DE17AB}"
EndProject
Project("{FAE04EC0-301F-11D3-BF4B-00C04F79EFBC}") = "RapidNotify.iOS", "RapidNotify\RapidNotify.iOS\RapidNotify.iOS.csproj", "{5A070D41-FA93-4962-99D5-14353944C80C}"
EndProject
Project("{FAE04EC0-301F-11D3-BF4B-00C04F79EFBC}") = "RapidNotify.UWP", "RapidNotify\RapidNotify.UWP\RapidNotify.UWP.csproj", "{CA1622EA-C0A3-487E-B47F-5B13FF8920EC}"
EndProject
Project("{2150E333-8FDC-42A3-9474-1A3956D46DE8}") = "TestApp", "TestApp", "{EEAD3011-9208-4D5C-ACE6-4481B57BB468}"
EndProject
Project("{D954291E-2A0B-460D-934E-DC6B0785DB48}") = "DevApp", "DevApp\DevApp\DevApp.shproj", "{14087E65-CCAA-49BF-905F-4835C877BED7}"
EndProject
Project("{FAE04EC0-301F-11D3-BF4B-00C04F79EFBC}") = "DevApp.Android", "DevApp\DevApp.Android\DevApp.Android.csproj", "{DEE46440-0596-4D98-84E6-F8CF9E23DADE}"
EndProject
Project("{FAE04EC0-301F-11D3-BF4B-00C04F79EFBC}") = "DevApp.iOS", "DevApp\DevApp.iOS\DevApp.iOS.csproj", "{967EBCB5-31A0-4F75-A853-D9240E2F163B}"
EndProject
Project("{FAE04EC0-301F-11D3-BF4B-00C04F79EFBC}") = "DevApp.UWP", "DevApp\DevApp.UWP\DevApp.UWP.csproj", "{6E98D5EE-8EDB-402A-863F-4CA77F5660E8}"
EndProject
Project("{2150E333-8FDC-42A3-9474-1A3956D46DE8}") = "MyApp", "MyApp", "{DA802CF3-3DBC-4C33-B687-667CD8D2F1B8}"
EndProject
Project("{FAE04EC0-301F-11D3-BF4B-00C04F79EFBC}") = "RapidNotifyApp.Android", "RapidNotifyApp\RapidNotifyApp.Android\RapidNotifyApp.Android.csproj", "{06A76C99-FB5E-4C28-9F2C-CE10F5BBA431}"
EndProject
Project("{FAE04EC0-301F-11D3-BF4B-00C04F79EFBC}") = "RapidNotifyApp", "RapidNotifyApp\RapidNotifyApp\RapidNotifyApp.csproj", "{4EF4AE23-9FEA-4097-81EC-3E86EFD6E105}"
EndProject
Project("{FAE04EC0-301F-11D3-BF4B-00C04F79EFBC}") = "RapidNotifyApp.UWP", "RapidNotifyApp\RapidNotifyApp.UWP\RapidNotifyApp.UWP.csproj", "{49EA1B69-0DE7-4CB2-93A4-282BCBCD0AEE}"
EndProject
Project("{FAE04EC0-301F-11D3-BF4B-00C04F79EFBC}") = "RapidNotifyApp.iOS", "RapidNotifyApp\RapidNotifyApp.iOS\RapidNotifyApp.iOS.csproj", "{68C46558-DE70-4FB1-89EA-EEF6C3B2903F}"
EndProject
Global
	GlobalSection(SharedMSBuildProjectFiles) = preSolution
		DevApp\DevApp\DevApp.projitems*{14087e65-ccaa-49bf-905f-4835c877bed7}*SharedItemsImports = 13
		DevApp\DevApp\DevApp.projitems*{6e98d5ee-8edb-402a-863f-4ca77f5660e8}*SharedItemsImports = 4
		DevApp\DevApp\DevApp.projitems*{967ebcb5-31a0-4f75-a853-d9240e2f163b}*SharedItemsImports = 4
		DevApp\DevApp\DevApp.projitems*{dee46440-0596-4d98-84e6-f8cf9e23dade}*SharedItemsImports = 4
	EndGlobalSection
	GlobalSection(SolutionConfigurationPlatforms) = preSolution
		Ad-Hoc|Any CPU = Ad-Hoc|Any CPU
		Ad-Hoc|ARM = Ad-Hoc|ARM
		Ad-Hoc|iPhone = Ad-Hoc|iPhone
		Ad-Hoc|iPhoneSimulator = Ad-Hoc|iPhoneSimulator
		Ad-Hoc|x64 = Ad-Hoc|x64
		Ad-Hoc|x86 = Ad-Hoc|x86
		AppStore|Any CPU = AppStore|Any CPU
		AppStore|ARM = AppStore|ARM
		AppStore|iPhone = AppStore|iPhone
		AppStore|iPhoneSimulator = AppStore|iPhoneSimulator
		AppStore|x64 = AppStore|x64
		AppStore|x86 = AppStore|x86
		Debug|Any CPU = Debug|Any CPU
		Debug|ARM = Debug|ARM
		Debug|iPhone = Debug|iPhone
		Debug|iPhoneSimulator = Debug|iPhoneSimulator
		Debug|x64 = Debug|x64
		Debug|x86 = Debug|x86
		Release|Any CPU = Release|Any CPU
		Release|ARM = Release|ARM
		Release|iPhone = Release|iPhone
		Release|iPhoneSimulator = Release|iPhoneSimulator
		Release|x64 = Release|x64
		Release|x86 = Release|x86
	EndGlobalSection
	GlobalSection(ProjectConfigurationPlatforms) = postSolution
		{393563B0-DAEC-41DA-BAAB-74A718542891}.Ad-Hoc|Any CPU.ActiveCfg = Release|Any CPU
		{393563B0-DAEC-41DA-BAAB-74A718542891}.Ad-Hoc|Any CPU.Build.0 = Release|Any CPU
		{393563B0-DAEC-41DA-BAAB-74A718542891}.Ad-Hoc|ARM.ActiveCfg = Release|Any CPU
		{393563B0-DAEC-41DA-BAAB-74A718542891}.Ad-Hoc|ARM.Build.0 = Release|Any CPU
		{393563B0-DAEC-41DA-BAAB-74A718542891}.Ad-Hoc|iPhone.ActiveCfg = Release|Any CPU
		{393563B0-DAEC-41DA-BAAB-74A718542891}.Ad-Hoc|iPhone.Build.0 = Release|Any CPU
		{393563B0-DAEC-41DA-BAAB-74A718542891}.Ad-Hoc|iPhoneSimulator.ActiveCfg = Release|Any CPU
		{393563B0-DAEC-41DA-BAAB-74A718542891}.Ad-Hoc|iPhoneSimulator.Build.0 = Release|Any CPU
		{393563B0-DAEC-41DA-BAAB-74A718542891}.Ad-Hoc|x64.ActiveCfg = Release|Any CPU
		{393563B0-DAEC-41DA-BAAB-74A718542891}.Ad-Hoc|x64.Build.0 = Release|Any CPU
		{393563B0-DAEC-41DA-BAAB-74A718542891}.Ad-Hoc|x86.ActiveCfg = Release|Any CPU
		{393563B0-DAEC-41DA-BAAB-74A718542891}.Ad-Hoc|x86.Build.0 = Release|Any CPU
		{393563B0-DAEC-41DA-BAAB-74A718542891}.AppStore|Any CPU.ActiveCfg = Release|Any CPU
		{393563B0-DAEC-41DA-BAAB-74A718542891}.AppStore|Any CPU.Build.0 = Release|Any CPU
		{393563B0-DAEC-41DA-BAAB-74A718542891}.AppStore|ARM.ActiveCfg = Release|Any CPU
		{393563B0-DAEC-41DA-BAAB-74A718542891}.AppStore|ARM.Build.0 = Release|Any CPU
		{393563B0-DAEC-41DA-BAAB-74A718542891}.AppStore|iPhone.ActiveCfg = Release|Any CPU
		{393563B0-DAEC-41DA-BAAB-74A718542891}.AppStore|iPhone.Build.0 = Release|Any CPU
		{393563B0-DAEC-41DA-BAAB-74A718542891}.AppStore|iPhoneSimulator.ActiveCfg = Release|Any CPU
		{393563B0-DAEC-41DA-BAAB-74A718542891}.AppStore|iPhoneSimulator.Build.0 = Release|Any CPU
		{393563B0-DAEC-41DA-BAAB-74A718542891}.AppStore|x64.ActiveCfg = Release|Any CPU
		{393563B0-DAEC-41DA-BAAB-74A718542891}.AppStore|x64.Build.0 = Release|Any CPU
		{393563B0-DAEC-41DA-BAAB-74A718542891}.AppStore|x86.ActiveCfg = Release|Any CPU
		{393563B0-DAEC-41DA-BAAB-74A718542891}.AppStore|x86.Build.0 = Release|Any CPU
		{393563B0-DAEC-41DA-BAAB-74A718542891}.Debug|Any CPU.ActiveCfg = Debug|Any CPU
		{393563B0-DAEC-41DA-BAAB-74A718542891}.Debug|Any CPU.Build.0 = Debug|Any CPU
		{393563B0-DAEC-41DA-BAAB-74A718542891}.Debug|ARM.ActiveCfg = Debug|Any CPU
		{393563B0-DAEC-41DA-BAAB-74A718542891}.Debug|ARM.Build.0 = Debug|Any CPU
		{393563B0-DAEC-41DA-BAAB-74A718542891}.Debug|iPhone.ActiveCfg = Debug|Any CPU
		{393563B0-DAEC-41DA-BAAB-74A718542891}.Debug|iPhone.Build.0 = Debug|Any CPU
		{393563B0-DAEC-41DA-BAAB-74A718542891}.Debug|iPhoneSimulator.ActiveCfg = Debug|Any CPU
		{393563B0-DAEC-41DA-BAAB-74A718542891}.Debug|iPhoneSimulator.Build.0 = Debug|Any CPU
		{393563B0-DAEC-41DA-BAAB-74A718542891}.Debug|x64.ActiveCfg = Debug|Any CPU
		{393563B0-DAEC-41DA-BAAB-74A718542891}.Debug|x64.Build.0 = Debug|Any CPU
		{393563B0-DAEC-41DA-BAAB-74A718542891}.Debug|x86.ActiveCfg = Debug|Any CPU
		{393563B0-DAEC-41DA-BAAB-74A718542891}.Debug|x86.Build.0 = Debug|Any CPU
		{393563B0-DAEC-41DA-BAAB-74A718542891}.Release|Any CPU.ActiveCfg = Release|Any CPU
		{393563B0-DAEC-41DA-BAAB-74A718542891}.Release|Any CPU.Build.0 = Release|Any CPU
		{393563B0-DAEC-41DA-BAAB-74A718542891}.Release|ARM.ActiveCfg = Release|Any CPU
		{393563B0-DAEC-41DA-BAAB-74A718542891}.Release|ARM.Build.0 = Release|Any CPU
		{393563B0-DAEC-41DA-BAAB-74A718542891}.Release|iPhone.ActiveCfg = Release|Any CPU
		{393563B0-DAEC-41DA-BAAB-74A718542891}.Release|iPhone.Build.0 = Release|Any CPU
		{393563B0-DAEC-41DA-BAAB-74A718542891}.Release|iPhoneSimulator.ActiveCfg = Release|Any CPU
		{393563B0-DAEC-41DA-BAAB-74A718542891}.Release|iPhoneSimulator.Build.0 = Release|Any CPU
		{393563B0-DAEC-41DA-BAAB-74A718542891}.Release|x64.ActiveCfg = Release|Any CPU
		{393563B0-DAEC-41DA-BAAB-74A718542891}.Release|x64.Build.0 = Release|Any CPU
		{393563B0-DAEC-41DA-BAAB-74A718542891}.Release|x86.ActiveCfg = Release|Any CPU
		{393563B0-DAEC-41DA-BAAB-74A718542891}.Release|x86.Build.0 = Release|Any CPU
		{D228DA9B-A6A8-49F1-9ADF-99D662DE17AB}.Ad-Hoc|Any CPU.ActiveCfg = Release|Any CPU
		{D228DA9B-A6A8-49F1-9ADF-99D662DE17AB}.Ad-Hoc|Any CPU.Build.0 = Release|Any CPU
		{D228DA9B-A6A8-49F1-9ADF-99D662DE17AB}.Ad-Hoc|Any CPU.Deploy.0 = Release|Any CPU
		{D228DA9B-A6A8-49F1-9ADF-99D662DE17AB}.Ad-Hoc|ARM.ActiveCfg = Release|Any CPU
		{D228DA9B-A6A8-49F1-9ADF-99D662DE17AB}.Ad-Hoc|ARM.Build.0 = Release|Any CPU
		{D228DA9B-A6A8-49F1-9ADF-99D662DE17AB}.Ad-Hoc|ARM.Deploy.0 = Release|Any CPU
		{D228DA9B-A6A8-49F1-9ADF-99D662DE17AB}.Ad-Hoc|iPhone.ActiveCfg = Release|Any CPU
		{D228DA9B-A6A8-49F1-9ADF-99D662DE17AB}.Ad-Hoc|iPhone.Build.0 = Release|Any CPU
		{D228DA9B-A6A8-49F1-9ADF-99D662DE17AB}.Ad-Hoc|iPhone.Deploy.0 = Release|Any CPU
		{D228DA9B-A6A8-49F1-9ADF-99D662DE17AB}.Ad-Hoc|iPhoneSimulator.ActiveCfg = Release|Any CPU
		{D228DA9B-A6A8-49F1-9ADF-99D662DE17AB}.Ad-Hoc|iPhoneSimulator.Build.0 = Release|Any CPU
		{D228DA9B-A6A8-49F1-9ADF-99D662DE17AB}.Ad-Hoc|iPhoneSimulator.Deploy.0 = Release|Any CPU
		{D228DA9B-A6A8-49F1-9ADF-99D662DE17AB}.Ad-Hoc|x64.ActiveCfg = Release|Any CPU
		{D228DA9B-A6A8-49F1-9ADF-99D662DE17AB}.Ad-Hoc|x64.Build.0 = Release|Any CPU
		{D228DA9B-A6A8-49F1-9ADF-99D662DE17AB}.Ad-Hoc|x64.Deploy.0 = Release|Any CPU
		{D228DA9B-A6A8-49F1-9ADF-99D662DE17AB}.Ad-Hoc|x86.ActiveCfg = Release|Any CPU
		{D228DA9B-A6A8-49F1-9ADF-99D662DE17AB}.Ad-Hoc|x86.Build.0 = Release|Any CPU
		{D228DA9B-A6A8-49F1-9ADF-99D662DE17AB}.Ad-Hoc|x86.Deploy.0 = Release|Any CPU
		{D228DA9B-A6A8-49F1-9ADF-99D662DE17AB}.AppStore|Any CPU.ActiveCfg = Release|Any CPU
		{D228DA9B-A6A8-49F1-9ADF-99D662DE17AB}.AppStore|Any CPU.Build.0 = Release|Any CPU
		{D228DA9B-A6A8-49F1-9ADF-99D662DE17AB}.AppStore|Any CPU.Deploy.0 = Release|Any CPU
		{D228DA9B-A6A8-49F1-9ADF-99D662DE17AB}.AppStore|ARM.ActiveCfg = Release|Any CPU
		{D228DA9B-A6A8-49F1-9ADF-99D662DE17AB}.AppStore|ARM.Build.0 = Release|Any CPU
		{D228DA9B-A6A8-49F1-9ADF-99D662DE17AB}.AppStore|ARM.Deploy.0 = Release|Any CPU
		{D228DA9B-A6A8-49F1-9ADF-99D662DE17AB}.AppStore|iPhone.ActiveCfg = Release|Any CPU
		{D228DA9B-A6A8-49F1-9ADF-99D662DE17AB}.AppStore|iPhone.Build.0 = Release|Any CPU
		{D228DA9B-A6A8-49F1-9ADF-99D662DE17AB}.AppStore|iPhone.Deploy.0 = Release|Any CPU
		{D228DA9B-A6A8-49F1-9ADF-99D662DE17AB}.AppStore|iPhoneSimulator.ActiveCfg = Release|Any CPU
		{D228DA9B-A6A8-49F1-9ADF-99D662DE17AB}.AppStore|iPhoneSimulator.Build.0 = Release|Any CPU
		{D228DA9B-A6A8-49F1-9ADF-99D662DE17AB}.AppStore|iPhoneSimulator.Deploy.0 = Release|Any CPU
		{D228DA9B-A6A8-49F1-9ADF-99D662DE17AB}.AppStore|x64.ActiveCfg = Release|Any CPU
		{D228DA9B-A6A8-49F1-9ADF-99D662DE17AB}.AppStore|x64.Build.0 = Release|Any CPU
		{D228DA9B-A6A8-49F1-9ADF-99D662DE17AB}.AppStore|x64.Deploy.0 = Release|Any CPU
		{D228DA9B-A6A8-49F1-9ADF-99D662DE17AB}.AppStore|x86.ActiveCfg = Release|Any CPU
		{D228DA9B-A6A8-49F1-9ADF-99D662DE17AB}.AppStore|x86.Build.0 = Release|Any CPU
		{D228DA9B-A6A8-49F1-9ADF-99D662DE17AB}.AppStore|x86.Deploy.0 = Release|Any CPU
		{D228DA9B-A6A8-49F1-9ADF-99D662DE17AB}.Debug|Any CPU.ActiveCfg = Debug|Any CPU
		{D228DA9B-A6A8-49F1-9ADF-99D662DE17AB}.Debug|Any CPU.Build.0 = Debug|Any CPU
		{D228DA9B-A6A8-49F1-9ADF-99D662DE17AB}.Debug|Any CPU.Deploy.0 = Debug|Any CPU
		{D228DA9B-A6A8-49F1-9ADF-99D662DE17AB}.Debug|ARM.ActiveCfg = Debug|Any CPU
		{D228DA9B-A6A8-49F1-9ADF-99D662DE17AB}.Debug|ARM.Build.0 = Debug|Any CPU
		{D228DA9B-A6A8-49F1-9ADF-99D662DE17AB}.Debug|ARM.Deploy.0 = Debug|Any CPU
		{D228DA9B-A6A8-49F1-9ADF-99D662DE17AB}.Debug|iPhone.ActiveCfg = Debug|Any CPU
		{D228DA9B-A6A8-49F1-9ADF-99D662DE17AB}.Debug|iPhone.Build.0 = Debug|Any CPU
		{D228DA9B-A6A8-49F1-9ADF-99D662DE17AB}.Debug|iPhone.Deploy.0 = Debug|Any CPU
		{D228DA9B-A6A8-49F1-9ADF-99D662DE17AB}.Debug|iPhoneSimulator.ActiveCfg = Debug|Any CPU
		{D228DA9B-A6A8-49F1-9ADF-99D662DE17AB}.Debug|iPhoneSimulator.Build.0 = Debug|Any CPU
		{D228DA9B-A6A8-49F1-9ADF-99D662DE17AB}.Debug|iPhoneSimulator.Deploy.0 = Debug|Any CPU
		{D228DA9B-A6A8-49F1-9ADF-99D662DE17AB}.Debug|x64.ActiveCfg = Debug|Any CPU
		{D228DA9B-A6A8-49F1-9ADF-99D662DE17AB}.Debug|x64.Build.0 = Debug|Any CPU
		{D228DA9B-A6A8-49F1-9ADF-99D662DE17AB}.Debug|x64.Deploy.0 = Debug|Any CPU
		{D228DA9B-A6A8-49F1-9ADF-99D662DE17AB}.Debug|x86.ActiveCfg = Debug|Any CPU
		{D228DA9B-A6A8-49F1-9ADF-99D662DE17AB}.Debug|x86.Build.0 = Debug|Any CPU
		{D228DA9B-A6A8-49F1-9ADF-99D662DE17AB}.Debug|x86.Deploy.0 = Debug|Any CPU
		{D228DA9B-A6A8-49F1-9ADF-99D662DE17AB}.Release|Any CPU.ActiveCfg = Release|Any CPU
		{D228DA9B-A6A8-49F1-9ADF-99D662DE17AB}.Release|Any CPU.Build.0 = Release|Any CPU
		{D228DA9B-A6A8-49F1-9ADF-99D662DE17AB}.Release|Any CPU.Deploy.0 = Release|Any CPU
		{D228DA9B-A6A8-49F1-9ADF-99D662DE17AB}.Release|ARM.ActiveCfg = Release|Any CPU
		{D228DA9B-A6A8-49F1-9ADF-99D662DE17AB}.Release|ARM.Build.0 = Release|Any CPU
		{D228DA9B-A6A8-49F1-9ADF-99D662DE17AB}.Release|ARM.Deploy.0 = Release|Any CPU
		{D228DA9B-A6A8-49F1-9ADF-99D662DE17AB}.Release|iPhone.ActiveCfg = Release|Any CPU
		{D228DA9B-A6A8-49F1-9ADF-99D662DE17AB}.Release|iPhone.Build.0 = Release|Any CPU
		{D228DA9B-A6A8-49F1-9ADF-99D662DE17AB}.Release|iPhone.Deploy.0 = Release|Any CPU
		{D228DA9B-A6A8-49F1-9ADF-99D662DE17AB}.Release|iPhoneSimulator.ActiveCfg = Release|Any CPU
		{D228DA9B-A6A8-49F1-9ADF-99D662DE17AB}.Release|iPhoneSimulator.Build.0 = Release|Any CPU
		{D228DA9B-A6A8-49F1-9ADF-99D662DE17AB}.Release|iPhoneSimulator.Deploy.0 = Release|Any CPU
		{D228DA9B-A6A8-49F1-9ADF-99D662DE17AB}.Release|x64.ActiveCfg = Release|Any CPU
		{D228DA9B-A6A8-49F1-9ADF-99D662DE17AB}.Release|x64.Build.0 = Release|Any CPU
		{D228DA9B-A6A8-49F1-9ADF-99D662DE17AB}.Release|x64.Deploy.0 = Release|Any CPU
		{D228DA9B-A6A8-49F1-9ADF-99D662DE17AB}.Release|x86.ActiveCfg = Release|Any CPU
		{D228DA9B-A6A8-49F1-9ADF-99D662DE17AB}.Release|x86.Build.0 = Release|Any CPU
		{D228DA9B-A6A8-49F1-9ADF-99D662DE17AB}.Release|x86.Deploy.0 = Release|Any CPU
		{5A070D41-FA93-4962-99D5-14353944C80C}.Ad-Hoc|Any CPU.ActiveCfg = Release|iPhoneSimulator
		{5A070D41-FA93-4962-99D5-14353944C80C}.Ad-Hoc|Any CPU.Build.0 = Release|iPhoneSimulator
		{5A070D41-FA93-4962-99D5-14353944C80C}.Ad-Hoc|ARM.ActiveCfg = Release|iPhoneSimulator
		{5A070D41-FA93-4962-99D5-14353944C80C}.Ad-Hoc|ARM.Build.0 = Release|iPhoneSimulator
		{5A070D41-FA93-4962-99D5-14353944C80C}.Ad-Hoc|iPhone.ActiveCfg = Release|iPhone
		{5A070D41-FA93-4962-99D5-14353944C80C}.Ad-Hoc|iPhone.Build.0 = Release|iPhone
		{5A070D41-FA93-4962-99D5-14353944C80C}.Ad-Hoc|iPhoneSimulator.ActiveCfg = Release|iPhoneSimulator
		{5A070D41-FA93-4962-99D5-14353944C80C}.Ad-Hoc|iPhoneSimulator.Build.0 = Release|iPhoneSimulator
		{5A070D41-FA93-4962-99D5-14353944C80C}.Ad-Hoc|x64.ActiveCfg = Release|iPhoneSimulator
		{5A070D41-FA93-4962-99D5-14353944C80C}.Ad-Hoc|x64.Build.0 = Release|iPhoneSimulator
		{5A070D41-FA93-4962-99D5-14353944C80C}.Ad-Hoc|x86.ActiveCfg = Release|iPhoneSimulator
		{5A070D41-FA93-4962-99D5-14353944C80C}.Ad-Hoc|x86.Build.0 = Release|iPhoneSimulator
		{5A070D41-FA93-4962-99D5-14353944C80C}.AppStore|Any CPU.ActiveCfg = Release|iPhoneSimulator
		{5A070D41-FA93-4962-99D5-14353944C80C}.AppStore|Any CPU.Build.0 = Release|iPhoneSimulator
		{5A070D41-FA93-4962-99D5-14353944C80C}.AppStore|ARM.ActiveCfg = Release|iPhoneSimulator
		{5A070D41-FA93-4962-99D5-14353944C80C}.AppStore|ARM.Build.0 = Release|iPhoneSimulator
		{5A070D41-FA93-4962-99D5-14353944C80C}.AppStore|iPhone.ActiveCfg = Release|iPhone
		{5A070D41-FA93-4962-99D5-14353944C80C}.AppStore|iPhone.Build.0 = Release|iPhone
		{5A070D41-FA93-4962-99D5-14353944C80C}.AppStore|iPhoneSimulator.ActiveCfg = Release|iPhoneSimulator
		{5A070D41-FA93-4962-99D5-14353944C80C}.AppStore|iPhoneSimulator.Build.0 = Release|iPhoneSimulator
		{5A070D41-FA93-4962-99D5-14353944C80C}.AppStore|x64.ActiveCfg = Release|iPhoneSimulator
		{5A070D41-FA93-4962-99D5-14353944C80C}.AppStore|x64.Build.0 = Release|iPhoneSimulator
		{5A070D41-FA93-4962-99D5-14353944C80C}.AppStore|x86.ActiveCfg = Release|iPhoneSimulator
		{5A070D41-FA93-4962-99D5-14353944C80C}.AppStore|x86.Build.0 = Release|iPhoneSimulator
		{5A070D41-FA93-4962-99D5-14353944C80C}.Debug|Any CPU.ActiveCfg = Debug|iPhone
		{5A070D41-FA93-4962-99D5-14353944C80C}.Debug|ARM.ActiveCfg = Debug|iPhone
		{5A070D41-FA93-4962-99D5-14353944C80C}.Debug|iPhone.ActiveCfg = Debug|iPhone
		{5A070D41-FA93-4962-99D5-14353944C80C}.Debug|iPhone.Build.0 = Debug|iPhone
		{5A070D41-FA93-4962-99D5-14353944C80C}.Debug|iPhoneSimulator.ActiveCfg = Debug|iPhoneSimulator
		{5A070D41-FA93-4962-99D5-14353944C80C}.Debug|iPhoneSimulator.Build.0 = Debug|iPhoneSimulator
		{5A070D41-FA93-4962-99D5-14353944C80C}.Debug|x64.ActiveCfg = Debug|iPhone
		{5A070D41-FA93-4962-99D5-14353944C80C}.Debug|x86.ActiveCfg = Debug|iPhone
		{5A070D41-FA93-4962-99D5-14353944C80C}.Release|Any CPU.ActiveCfg = Release|iPhone
		{5A070D41-FA93-4962-99D5-14353944C80C}.Release|ARM.ActiveCfg = Release|iPhone
		{5A070D41-FA93-4962-99D5-14353944C80C}.Release|iPhone.ActiveCfg = Release|iPhone
		{5A070D41-FA93-4962-99D5-14353944C80C}.Release|iPhone.Build.0 = Release|iPhone
		{5A070D41-FA93-4962-99D5-14353944C80C}.Release|iPhoneSimulator.ActiveCfg = Release|iPhoneSimulator
		{5A070D41-FA93-4962-99D5-14353944C80C}.Release|iPhoneSimulator.Build.0 = Release|iPhoneSimulator
		{5A070D41-FA93-4962-99D5-14353944C80C}.Release|x64.ActiveCfg = Release|iPhone
		{5A070D41-FA93-4962-99D5-14353944C80C}.Release|x86.ActiveCfg = Release|iPhone
		{CA1622EA-C0A3-487E-B47F-5B13FF8920EC}.Ad-Hoc|Any CPU.ActiveCfg = Release|x64
		{CA1622EA-C0A3-487E-B47F-5B13FF8920EC}.Ad-Hoc|Any CPU.Build.0 = Release|x64
		{CA1622EA-C0A3-487E-B47F-5B13FF8920EC}.Ad-Hoc|Any CPU.Deploy.0 = Release|x64
		{CA1622EA-C0A3-487E-B47F-5B13FF8920EC}.Ad-Hoc|ARM.ActiveCfg = Release|ARM
		{CA1622EA-C0A3-487E-B47F-5B13FF8920EC}.Ad-Hoc|ARM.Build.0 = Release|ARM
		{CA1622EA-C0A3-487E-B47F-5B13FF8920EC}.Ad-Hoc|ARM.Deploy.0 = Release|ARM
		{CA1622EA-C0A3-487E-B47F-5B13FF8920EC}.Ad-Hoc|iPhone.ActiveCfg = Release|x64
		{CA1622EA-C0A3-487E-B47F-5B13FF8920EC}.Ad-Hoc|iPhone.Build.0 = Release|x64
		{CA1622EA-C0A3-487E-B47F-5B13FF8920EC}.Ad-Hoc|iPhone.Deploy.0 = Release|x64
		{CA1622EA-C0A3-487E-B47F-5B13FF8920EC}.Ad-Hoc|iPhoneSimulator.ActiveCfg = Release|x64
		{CA1622EA-C0A3-487E-B47F-5B13FF8920EC}.Ad-Hoc|iPhoneSimulator.Build.0 = Release|x64
		{CA1622EA-C0A3-487E-B47F-5B13FF8920EC}.Ad-Hoc|iPhoneSimulator.Deploy.0 = Release|x64
		{CA1622EA-C0A3-487E-B47F-5B13FF8920EC}.Ad-Hoc|x64.ActiveCfg = Release|x64
		{CA1622EA-C0A3-487E-B47F-5B13FF8920EC}.Ad-Hoc|x64.Build.0 = Release|x64
		{CA1622EA-C0A3-487E-B47F-5B13FF8920EC}.Ad-Hoc|x64.Deploy.0 = Release|x64
		{CA1622EA-C0A3-487E-B47F-5B13FF8920EC}.Ad-Hoc|x86.ActiveCfg = Release|x86
		{CA1622EA-C0A3-487E-B47F-5B13FF8920EC}.Ad-Hoc|x86.Build.0 = Release|x86
		{CA1622EA-C0A3-487E-B47F-5B13FF8920EC}.Ad-Hoc|x86.Deploy.0 = Release|x86
		{CA1622EA-C0A3-487E-B47F-5B13FF8920EC}.AppStore|Any CPU.ActiveCfg = Release|x64
		{CA1622EA-C0A3-487E-B47F-5B13FF8920EC}.AppStore|Any CPU.Build.0 = Release|x64
		{CA1622EA-C0A3-487E-B47F-5B13FF8920EC}.AppStore|Any CPU.Deploy.0 = Release|x64
		{CA1622EA-C0A3-487E-B47F-5B13FF8920EC}.AppStore|ARM.ActiveCfg = Release|ARM
		{CA1622EA-C0A3-487E-B47F-5B13FF8920EC}.AppStore|ARM.Build.0 = Release|ARM
		{CA1622EA-C0A3-487E-B47F-5B13FF8920EC}.AppStore|ARM.Deploy.0 = Release|ARM
		{CA1622EA-C0A3-487E-B47F-5B13FF8920EC}.AppStore|iPhone.ActiveCfg = Release|x64
		{CA1622EA-C0A3-487E-B47F-5B13FF8920EC}.AppStore|iPhone.Build.0 = Release|x64
		{CA1622EA-C0A3-487E-B47F-5B13FF8920EC}.AppStore|iPhone.Deploy.0 = Release|x64
		{CA1622EA-C0A3-487E-B47F-5B13FF8920EC}.AppStore|iPhoneSimulator.ActiveCfg = Release|x64
		{CA1622EA-C0A3-487E-B47F-5B13FF8920EC}.AppStore|iPhoneSimulator.Build.0 = Release|x64
		{CA1622EA-C0A3-487E-B47F-5B13FF8920EC}.AppStore|iPhoneSimulator.Deploy.0 = Release|x64
		{CA1622EA-C0A3-487E-B47F-5B13FF8920EC}.AppStore|x64.ActiveCfg = Release|x64
		{CA1622EA-C0A3-487E-B47F-5B13FF8920EC}.AppStore|x64.Build.0 = Release|x64
		{CA1622EA-C0A3-487E-B47F-5B13FF8920EC}.AppStore|x64.Deploy.0 = Release|x64
		{CA1622EA-C0A3-487E-B47F-5B13FF8920EC}.AppStore|x86.ActiveCfg = Release|x86
		{CA1622EA-C0A3-487E-B47F-5B13FF8920EC}.AppStore|x86.Build.0 = Release|x86
		{CA1622EA-C0A3-487E-B47F-5B13FF8920EC}.AppStore|x86.Deploy.0 = Release|x86
		{CA1622EA-C0A3-487E-B47F-5B13FF8920EC}.Debug|Any CPU.ActiveCfg = Debug|x86
		{CA1622EA-C0A3-487E-B47F-5B13FF8920EC}.Debug|ARM.ActiveCfg = Debug|ARM
		{CA1622EA-C0A3-487E-B47F-5B13FF8920EC}.Debug|ARM.Build.0 = Debug|ARM
		{CA1622EA-C0A3-487E-B47F-5B13FF8920EC}.Debug|ARM.Deploy.0 = Debug|ARM
		{CA1622EA-C0A3-487E-B47F-5B13FF8920EC}.Debug|iPhone.ActiveCfg = Debug|x86
		{CA1622EA-C0A3-487E-B47F-5B13FF8920EC}.Debug|iPhoneSimulator.ActiveCfg = Debug|x86
		{CA1622EA-C0A3-487E-B47F-5B13FF8920EC}.Debug|x64.ActiveCfg = Debug|x64
		{CA1622EA-C0A3-487E-B47F-5B13FF8920EC}.Debug|x64.Build.0 = Debug|x64
		{CA1622EA-C0A3-487E-B47F-5B13FF8920EC}.Debug|x64.Deploy.0 = Debug|x64
		{CA1622EA-C0A3-487E-B47F-5B13FF8920EC}.Debug|x86.ActiveCfg = Debug|x86
		{CA1622EA-C0A3-487E-B47F-5B13FF8920EC}.Debug|x86.Build.0 = Debug|x86
		{CA1622EA-C0A3-487E-B47F-5B13FF8920EC}.Debug|x86.Deploy.0 = Debug|x86
		{CA1622EA-C0A3-487E-B47F-5B13FF8920EC}.Release|Any CPU.ActiveCfg = Release|x86
		{CA1622EA-C0A3-487E-B47F-5B13FF8920EC}.Release|ARM.ActiveCfg = Release|ARM
		{CA1622EA-C0A3-487E-B47F-5B13FF8920EC}.Release|ARM.Build.0 = Release|ARM
		{CA1622EA-C0A3-487E-B47F-5B13FF8920EC}.Release|ARM.Deploy.0 = Release|ARM
		{CA1622EA-C0A3-487E-B47F-5B13FF8920EC}.Release|iPhone.ActiveCfg = Release|x86
		{CA1622EA-C0A3-487E-B47F-5B13FF8920EC}.Release|iPhoneSimulator.ActiveCfg = Release|x86
		{CA1622EA-C0A3-487E-B47F-5B13FF8920EC}.Release|x64.ActiveCfg = Release|x64
		{CA1622EA-C0A3-487E-B47F-5B13FF8920EC}.Release|x64.Build.0 = Release|x64
		{CA1622EA-C0A3-487E-B47F-5B13FF8920EC}.Release|x64.Deploy.0 = Release|x64
		{CA1622EA-C0A3-487E-B47F-5B13FF8920EC}.Release|x86.ActiveCfg = Release|x86
		{CA1622EA-C0A3-487E-B47F-5B13FF8920EC}.Release|x86.Build.0 = Release|x86
		{CA1622EA-C0A3-487E-B47F-5B13FF8920EC}.Release|x86.Deploy.0 = Release|x86
		{DEE46440-0596-4D98-84E6-F8CF9E23DADE}.Ad-Hoc|Any CPU.ActiveCfg = Release|Any CPU
		{DEE46440-0596-4D98-84E6-F8CF9E23DADE}.Ad-Hoc|Any CPU.Build.0 = Release|Any CPU
		{DEE46440-0596-4D98-84E6-F8CF9E23DADE}.Ad-Hoc|Any CPU.Deploy.0 = Release|Any CPU
		{DEE46440-0596-4D98-84E6-F8CF9E23DADE}.Ad-Hoc|ARM.ActiveCfg = Release|Any CPU
		{DEE46440-0596-4D98-84E6-F8CF9E23DADE}.Ad-Hoc|ARM.Build.0 = Release|Any CPU
		{DEE46440-0596-4D98-84E6-F8CF9E23DADE}.Ad-Hoc|ARM.Deploy.0 = Release|Any CPU
		{DEE46440-0596-4D98-84E6-F8CF9E23DADE}.Ad-Hoc|iPhone.ActiveCfg = Release|Any CPU
		{DEE46440-0596-4D98-84E6-F8CF9E23DADE}.Ad-Hoc|iPhone.Build.0 = Release|Any CPU
		{DEE46440-0596-4D98-84E6-F8CF9E23DADE}.Ad-Hoc|iPhone.Deploy.0 = Release|Any CPU
		{DEE46440-0596-4D98-84E6-F8CF9E23DADE}.Ad-Hoc|iPhoneSimulator.ActiveCfg = Release|Any CPU
		{DEE46440-0596-4D98-84E6-F8CF9E23DADE}.Ad-Hoc|iPhoneSimulator.Build.0 = Release|Any CPU
		{DEE46440-0596-4D98-84E6-F8CF9E23DADE}.Ad-Hoc|iPhoneSimulator.Deploy.0 = Release|Any CPU
		{DEE46440-0596-4D98-84E6-F8CF9E23DADE}.Ad-Hoc|x64.ActiveCfg = Release|Any CPU
		{DEE46440-0596-4D98-84E6-F8CF9E23DADE}.Ad-Hoc|x64.Build.0 = Release|Any CPU
		{DEE46440-0596-4D98-84E6-F8CF9E23DADE}.Ad-Hoc|x64.Deploy.0 = Release|Any CPU
		{DEE46440-0596-4D98-84E6-F8CF9E23DADE}.Ad-Hoc|x86.ActiveCfg = Release|Any CPU
		{DEE46440-0596-4D98-84E6-F8CF9E23DADE}.Ad-Hoc|x86.Build.0 = Release|Any CPU
		{DEE46440-0596-4D98-84E6-F8CF9E23DADE}.Ad-Hoc|x86.Deploy.0 = Release|Any CPU
		{DEE46440-0596-4D98-84E6-F8CF9E23DADE}.AppStore|Any CPU.ActiveCfg = Release|Any CPU
		{DEE46440-0596-4D98-84E6-F8CF9E23DADE}.AppStore|Any CPU.Build.0 = Release|Any CPU
		{DEE46440-0596-4D98-84E6-F8CF9E23DADE}.AppStore|Any CPU.Deploy.0 = Release|Any CPU
		{DEE46440-0596-4D98-84E6-F8CF9E23DADE}.AppStore|ARM.ActiveCfg = Release|Any CPU
		{DEE46440-0596-4D98-84E6-F8CF9E23DADE}.AppStore|ARM.Build.0 = Release|Any CPU
		{DEE46440-0596-4D98-84E6-F8CF9E23DADE}.AppStore|ARM.Deploy.0 = Release|Any CPU
		{DEE46440-0596-4D98-84E6-F8CF9E23DADE}.AppStore|iPhone.ActiveCfg = Release|Any CPU
		{DEE46440-0596-4D98-84E6-F8CF9E23DADE}.AppStore|iPhone.Build.0 = Release|Any CPU
		{DEE46440-0596-4D98-84E6-F8CF9E23DADE}.AppStore|iPhone.Deploy.0 = Release|Any CPU
		{DEE46440-0596-4D98-84E6-F8CF9E23DADE}.AppStore|iPhoneSimulator.ActiveCfg = Release|Any CPU
		{DEE46440-0596-4D98-84E6-F8CF9E23DADE}.AppStore|iPhoneSimulator.Build.0 = Release|Any CPU
		{DEE46440-0596-4D98-84E6-F8CF9E23DADE}.AppStore|iPhoneSimulator.Deploy.0 = Release|Any CPU
		{DEE46440-0596-4D98-84E6-F8CF9E23DADE}.AppStore|x64.ActiveCfg = Release|Any CPU
		{DEE46440-0596-4D98-84E6-F8CF9E23DADE}.AppStore|x64.Build.0 = Release|Any CPU
		{DEE46440-0596-4D98-84E6-F8CF9E23DADE}.AppStore|x64.Deploy.0 = Release|Any CPU
		{DEE46440-0596-4D98-84E6-F8CF9E23DADE}.AppStore|x86.ActiveCfg = Release|Any CPU
		{DEE46440-0596-4D98-84E6-F8CF9E23DADE}.AppStore|x86.Build.0 = Release|Any CPU
		{DEE46440-0596-4D98-84E6-F8CF9E23DADE}.AppStore|x86.Deploy.0 = Release|Any CPU
		{DEE46440-0596-4D98-84E6-F8CF9E23DADE}.Debug|Any CPU.ActiveCfg = Debug|Any CPU
		{DEE46440-0596-4D98-84E6-F8CF9E23DADE}.Debug|Any CPU.Build.0 = Debug|Any CPU
		{DEE46440-0596-4D98-84E6-F8CF9E23DADE}.Debug|Any CPU.Deploy.0 = Debug|Any CPU
		{DEE46440-0596-4D98-84E6-F8CF9E23DADE}.Debug|ARM.ActiveCfg = Debug|Any CPU
		{DEE46440-0596-4D98-84E6-F8CF9E23DADE}.Debug|ARM.Build.0 = Debug|Any CPU
		{DEE46440-0596-4D98-84E6-F8CF9E23DADE}.Debug|ARM.Deploy.0 = Debug|Any CPU
		{DEE46440-0596-4D98-84E6-F8CF9E23DADE}.Debug|iPhone.ActiveCfg = Debug|Any CPU
		{DEE46440-0596-4D98-84E6-F8CF9E23DADE}.Debug|iPhone.Build.0 = Debug|Any CPU
		{DEE46440-0596-4D98-84E6-F8CF9E23DADE}.Debug|iPhone.Deploy.0 = Debug|Any CPU
		{DEE46440-0596-4D98-84E6-F8CF9E23DADE}.Debug|iPhoneSimulator.ActiveCfg = Debug|Any CPU
		{DEE46440-0596-4D98-84E6-F8CF9E23DADE}.Debug|iPhoneSimulator.Build.0 = Debug|Any CPU
		{DEE46440-0596-4D98-84E6-F8CF9E23DADE}.Debug|iPhoneSimulator.Deploy.0 = Debug|Any CPU
		{DEE46440-0596-4D98-84E6-F8CF9E23DADE}.Debug|x64.ActiveCfg = Debug|Any CPU
		{DEE46440-0596-4D98-84E6-F8CF9E23DADE}.Debug|x64.Build.0 = Debug|Any CPU
		{DEE46440-0596-4D98-84E6-F8CF9E23DADE}.Debug|x64.Deploy.0 = Debug|Any CPU
		{DEE46440-0596-4D98-84E6-F8CF9E23DADE}.Debug|x86.ActiveCfg = Debug|Any CPU
		{DEE46440-0596-4D98-84E6-F8CF9E23DADE}.Debug|x86.Build.0 = Debug|Any CPU
		{DEE46440-0596-4D98-84E6-F8CF9E23DADE}.Debug|x86.Deploy.0 = Debug|Any CPU
		{DEE46440-0596-4D98-84E6-F8CF9E23DADE}.Release|Any CPU.ActiveCfg = Release|Any CPU
		{DEE46440-0596-4D98-84E6-F8CF9E23DADE}.Release|Any CPU.Build.0 = Release|Any CPU
		{DEE46440-0596-4D98-84E6-F8CF9E23DADE}.Release|Any CPU.Deploy.0 = Release|Any CPU
		{DEE46440-0596-4D98-84E6-F8CF9E23DADE}.Release|ARM.ActiveCfg = Release|Any CPU
		{DEE46440-0596-4D98-84E6-F8CF9E23DADE}.Release|ARM.Build.0 = Release|Any CPU
		{DEE46440-0596-4D98-84E6-F8CF9E23DADE}.Release|ARM.Deploy.0 = Release|Any CPU
		{DEE46440-0596-4D98-84E6-F8CF9E23DADE}.Release|iPhone.ActiveCfg = Release|Any CPU
		{DEE46440-0596-4D98-84E6-F8CF9E23DADE}.Release|iPhone.Build.0 = Release|Any CPU
		{DEE46440-0596-4D98-84E6-F8CF9E23DADE}.Release|iPhone.Deploy.0 = Release|Any CPU
		{DEE46440-0596-4D98-84E6-F8CF9E23DADE}.Release|iPhoneSimulator.ActiveCfg = Release|Any CPU
		{DEE46440-0596-4D98-84E6-F8CF9E23DADE}.Release|iPhoneSimulator.Build.0 = Release|Any CPU
		{DEE46440-0596-4D98-84E6-F8CF9E23DADE}.Release|iPhoneSimulator.Deploy.0 = Release|Any CPU
		{DEE46440-0596-4D98-84E6-F8CF9E23DADE}.Release|x64.ActiveCfg = Release|Any CPU
		{DEE46440-0596-4D98-84E6-F8CF9E23DADE}.Release|x64.Build.0 = Release|Any CPU
		{DEE46440-0596-4D98-84E6-F8CF9E23DADE}.Release|x64.Deploy.0 = Release|Any CPU
		{DEE46440-0596-4D98-84E6-F8CF9E23DADE}.Release|x86.ActiveCfg = Release|Any CPU
		{DEE46440-0596-4D98-84E6-F8CF9E23DADE}.Release|x86.Build.0 = Release|Any CPU
		{DEE46440-0596-4D98-84E6-F8CF9E23DADE}.Release|x86.Deploy.0 = Release|Any CPU
		{967EBCB5-31A0-4F75-A853-D9240E2F163B}.Ad-Hoc|Any CPU.ActiveCfg = Release|iPhone
		{967EBCB5-31A0-4F75-A853-D9240E2F163B}.Ad-Hoc|Any CPU.Build.0 = Release|iPhone
		{967EBCB5-31A0-4F75-A853-D9240E2F163B}.Ad-Hoc|ARM.ActiveCfg = Release|iPhone
		{967EBCB5-31A0-4F75-A853-D9240E2F163B}.Ad-Hoc|ARM.Build.0 = Release|iPhone
		{967EBCB5-31A0-4F75-A853-D9240E2F163B}.Ad-Hoc|iPhone.ActiveCfg = Release|iPhone
		{967EBCB5-31A0-4F75-A853-D9240E2F163B}.Ad-Hoc|iPhone.Build.0 = Release|iPhone
		{967EBCB5-31A0-4F75-A853-D9240E2F163B}.Ad-Hoc|iPhoneSimulator.ActiveCfg = Release|iPhoneSimulator
		{967EBCB5-31A0-4F75-A853-D9240E2F163B}.Ad-Hoc|iPhoneSimulator.Build.0 = Release|iPhoneSimulator
		{967EBCB5-31A0-4F75-A853-D9240E2F163B}.Ad-Hoc|x64.ActiveCfg = Release|iPhone
		{967EBCB5-31A0-4F75-A853-D9240E2F163B}.Ad-Hoc|x64.Build.0 = Release|iPhone
		{967EBCB5-31A0-4F75-A853-D9240E2F163B}.Ad-Hoc|x86.ActiveCfg = Release|iPhone
		{967EBCB5-31A0-4F75-A853-D9240E2F163B}.Ad-Hoc|x86.Build.0 = Release|iPhone
		{967EBCB5-31A0-4F75-A853-D9240E2F163B}.AppStore|Any CPU.ActiveCfg = Release|iPhone
		{967EBCB5-31A0-4F75-A853-D9240E2F163B}.AppStore|Any CPU.Build.0 = Release|iPhone
		{967EBCB5-31A0-4F75-A853-D9240E2F163B}.AppStore|ARM.ActiveCfg = Release|iPhone
		{967EBCB5-31A0-4F75-A853-D9240E2F163B}.AppStore|ARM.Build.0 = Release|iPhone
		{967EBCB5-31A0-4F75-A853-D9240E2F163B}.AppStore|iPhone.ActiveCfg = Release|iPhone
		{967EBCB5-31A0-4F75-A853-D9240E2F163B}.AppStore|iPhone.Build.0 = Release|iPhone
		{967EBCB5-31A0-4F75-A853-D9240E2F163B}.AppStore|iPhoneSimulator.ActiveCfg = Release|iPhoneSimulator
		{967EBCB5-31A0-4F75-A853-D9240E2F163B}.AppStore|iPhoneSimulator.Build.0 = Release|iPhoneSimulator
		{967EBCB5-31A0-4F75-A853-D9240E2F163B}.AppStore|x64.ActiveCfg = Release|iPhone
		{967EBCB5-31A0-4F75-A853-D9240E2F163B}.AppStore|x64.Build.0 = Release|iPhone
		{967EBCB5-31A0-4F75-A853-D9240E2F163B}.AppStore|x86.ActiveCfg = Release|iPhone
		{967EBCB5-31A0-4F75-A853-D9240E2F163B}.AppStore|x86.Build.0 = Release|iPhone
		{967EBCB5-31A0-4F75-A853-D9240E2F163B}.Debug|Any CPU.ActiveCfg = Debug|iPhone
		{967EBCB5-31A0-4F75-A853-D9240E2F163B}.Debug|ARM.ActiveCfg = Debug|iPhone
		{967EBCB5-31A0-4F75-A853-D9240E2F163B}.Debug|iPhone.ActiveCfg = Debug|iPhone
		{967EBCB5-31A0-4F75-A853-D9240E2F163B}.Debug|iPhone.Build.0 = Debug|iPhone
		{967EBCB5-31A0-4F75-A853-D9240E2F163B}.Debug|iPhoneSimulator.ActiveCfg = Debug|iPhoneSimulator
		{967EBCB5-31A0-4F75-A853-D9240E2F163B}.Debug|iPhoneSimulator.Build.0 = Debug|iPhoneSimulator
		{967EBCB5-31A0-4F75-A853-D9240E2F163B}.Debug|x64.ActiveCfg = Debug|iPhone
		{967EBCB5-31A0-4F75-A853-D9240E2F163B}.Debug|x86.ActiveCfg = Debug|iPhone
		{967EBCB5-31A0-4F75-A853-D9240E2F163B}.Release|Any CPU.ActiveCfg = Release|iPhone
		{967EBCB5-31A0-4F75-A853-D9240E2F163B}.Release|ARM.ActiveCfg = Release|iPhone
		{967EBCB5-31A0-4F75-A853-D9240E2F163B}.Release|iPhone.ActiveCfg = Release|iPhone
		{967EBCB5-31A0-4F75-A853-D9240E2F163B}.Release|iPhone.Build.0 = Release|iPhone
		{967EBCB5-31A0-4F75-A853-D9240E2F163B}.Release|iPhoneSimulator.ActiveCfg = Release|iPhoneSimulator
		{967EBCB5-31A0-4F75-A853-D9240E2F163B}.Release|iPhoneSimulator.Build.0 = Release|iPhoneSimulator
		{967EBCB5-31A0-4F75-A853-D9240E2F163B}.Release|x64.ActiveCfg = Release|iPhone
		{967EBCB5-31A0-4F75-A853-D9240E2F163B}.Release|x86.ActiveCfg = Release|iPhone
		{6E98D5EE-8EDB-402A-863F-4CA77F5660E8}.Ad-Hoc|Any CPU.ActiveCfg = Release|x86
		{6E98D5EE-8EDB-402A-863F-4CA77F5660E8}.Ad-Hoc|Any CPU.Build.0 = Release|x86
		{6E98D5EE-8EDB-402A-863F-4CA77F5660E8}.Ad-Hoc|Any CPU.Deploy.0 = Release|x86
		{6E98D5EE-8EDB-402A-863F-4CA77F5660E8}.Ad-Hoc|ARM.ActiveCfg = Release|ARM
		{6E98D5EE-8EDB-402A-863F-4CA77F5660E8}.Ad-Hoc|ARM.Build.0 = Release|ARM
		{6E98D5EE-8EDB-402A-863F-4CA77F5660E8}.Ad-Hoc|ARM.Deploy.0 = Release|ARM
		{6E98D5EE-8EDB-402A-863F-4CA77F5660E8}.Ad-Hoc|iPhone.ActiveCfg = Release|x86
		{6E98D5EE-8EDB-402A-863F-4CA77F5660E8}.Ad-Hoc|iPhone.Build.0 = Release|x86
		{6E98D5EE-8EDB-402A-863F-4CA77F5660E8}.Ad-Hoc|iPhone.Deploy.0 = Release|x86
		{6E98D5EE-8EDB-402A-863F-4CA77F5660E8}.Ad-Hoc|iPhoneSimulator.ActiveCfg = Release|x86
		{6E98D5EE-8EDB-402A-863F-4CA77F5660E8}.Ad-Hoc|iPhoneSimulator.Build.0 = Release|x86
		{6E98D5EE-8EDB-402A-863F-4CA77F5660E8}.Ad-Hoc|iPhoneSimulator.Deploy.0 = Release|x86
		{6E98D5EE-8EDB-402A-863F-4CA77F5660E8}.Ad-Hoc|x64.ActiveCfg = Release|x64
		{6E98D5EE-8EDB-402A-863F-4CA77F5660E8}.Ad-Hoc|x64.Build.0 = Release|x64
		{6E98D5EE-8EDB-402A-863F-4CA77F5660E8}.Ad-Hoc|x64.Deploy.0 = Release|x64
		{6E98D5EE-8EDB-402A-863F-4CA77F5660E8}.Ad-Hoc|x86.ActiveCfg = Release|x86
		{6E98D5EE-8EDB-402A-863F-4CA77F5660E8}.Ad-Hoc|x86.Build.0 = Release|x86
		{6E98D5EE-8EDB-402A-863F-4CA77F5660E8}.Ad-Hoc|x86.Deploy.0 = Release|x86
		{6E98D5EE-8EDB-402A-863F-4CA77F5660E8}.AppStore|Any CPU.ActiveCfg = Release|x86
		{6E98D5EE-8EDB-402A-863F-4CA77F5660E8}.AppStore|Any CPU.Build.0 = Release|x86
		{6E98D5EE-8EDB-402A-863F-4CA77F5660E8}.AppStore|Any CPU.Deploy.0 = Release|x86
		{6E98D5EE-8EDB-402A-863F-4CA77F5660E8}.AppStore|ARM.ActiveCfg = Release|ARM
		{6E98D5EE-8EDB-402A-863F-4CA77F5660E8}.AppStore|ARM.Build.0 = Release|ARM
		{6E98D5EE-8EDB-402A-863F-4CA77F5660E8}.AppStore|ARM.Deploy.0 = Release|ARM
		{6E98D5EE-8EDB-402A-863F-4CA77F5660E8}.AppStore|iPhone.ActiveCfg = Release|x86
		{6E98D5EE-8EDB-402A-863F-4CA77F5660E8}.AppStore|iPhone.Build.0 = Release|x86
		{6E98D5EE-8EDB-402A-863F-4CA77F5660E8}.AppStore|iPhone.Deploy.0 = Release|x86
		{6E98D5EE-8EDB-402A-863F-4CA77F5660E8}.AppStore|iPhoneSimulator.ActiveCfg = Release|x86
		{6E98D5EE-8EDB-402A-863F-4CA77F5660E8}.AppStore|iPhoneSimulator.Build.0 = Release|x86
		{6E98D5EE-8EDB-402A-863F-4CA77F5660E8}.AppStore|iPhoneSimulator.Deploy.0 = Release|x86
		{6E98D5EE-8EDB-402A-863F-4CA77F5660E8}.AppStore|x64.ActiveCfg = Release|x64
		{6E98D5EE-8EDB-402A-863F-4CA77F5660E8}.AppStore|x64.Build.0 = Release|x64
		{6E98D5EE-8EDB-402A-863F-4CA77F5660E8}.AppStore|x64.Deploy.0 = Release|x64
		{6E98D5EE-8EDB-402A-863F-4CA77F5660E8}.AppStore|x86.ActiveCfg = Release|x86
		{6E98D5EE-8EDB-402A-863F-4CA77F5660E8}.AppStore|x86.Build.0 = Release|x86
		{6E98D5EE-8EDB-402A-863F-4CA77F5660E8}.AppStore|x86.Deploy.0 = Release|x86
		{6E98D5EE-8EDB-402A-863F-4CA77F5660E8}.Debug|Any CPU.ActiveCfg = Debug|x86
		{6E98D5EE-8EDB-402A-863F-4CA77F5660E8}.Debug|ARM.ActiveCfg = Debug|ARM
		{6E98D5EE-8EDB-402A-863F-4CA77F5660E8}.Debug|ARM.Build.0 = Debug|ARM
		{6E98D5EE-8EDB-402A-863F-4CA77F5660E8}.Debug|ARM.Deploy.0 = Debug|ARM
		{6E98D5EE-8EDB-402A-863F-4CA77F5660E8}.Debug|iPhone.ActiveCfg = Debug|x86
		{6E98D5EE-8EDB-402A-863F-4CA77F5660E8}.Debug|iPhoneSimulator.ActiveCfg = Debug|x86
		{6E98D5EE-8EDB-402A-863F-4CA77F5660E8}.Debug|x64.ActiveCfg = Debug|x64
		{6E98D5EE-8EDB-402A-863F-4CA77F5660E8}.Debug|x64.Build.0 = Debug|x64
		{6E98D5EE-8EDB-402A-863F-4CA77F5660E8}.Debug|x64.Deploy.0 = Debug|x64
		{6E98D5EE-8EDB-402A-863F-4CA77F5660E8}.Debug|x86.ActiveCfg = Debug|x86
		{6E98D5EE-8EDB-402A-863F-4CA77F5660E8}.Debug|x86.Build.0 = Debug|x86
		{6E98D5EE-8EDB-402A-863F-4CA77F5660E8}.Debug|x86.Deploy.0 = Debug|x86
		{6E98D5EE-8EDB-402A-863F-4CA77F5660E8}.Release|Any CPU.ActiveCfg = Release|x86
		{6E98D5EE-8EDB-402A-863F-4CA77F5660E8}.Release|ARM.ActiveCfg = Release|ARM
		{6E98D5EE-8EDB-402A-863F-4CA77F5660E8}.Release|ARM.Build.0 = Release|ARM
		{6E98D5EE-8EDB-402A-863F-4CA77F5660E8}.Release|ARM.Deploy.0 = Release|ARM
		{6E98D5EE-8EDB-402A-863F-4CA77F5660E8}.Release|iPhone.ActiveCfg = Release|x86
		{6E98D5EE-8EDB-402A-863F-4CA77F5660E8}.Release|iPhoneSimulator.ActiveCfg = Release|x86
		{6E98D5EE-8EDB-402A-863F-4CA77F5660E8}.Release|x64.ActiveCfg = Release|x64
		{6E98D5EE-8EDB-402A-863F-4CA77F5660E8}.Release|x64.Build.0 = Release|x64
		{6E98D5EE-8EDB-402A-863F-4CA77F5660E8}.Release|x64.Deploy.0 = Release|x64
		{6E98D5EE-8EDB-402A-863F-4CA77F5660E8}.Release|x86.ActiveCfg = Release|x86
		{6E98D5EE-8EDB-402A-863F-4CA77F5660E8}.Release|x86.Build.0 = Release|x86
		{6E98D5EE-8EDB-402A-863F-4CA77F5660E8}.Release|x86.Deploy.0 = Release|x86
		{06A76C99-FB5E-4C28-9F2C-CE10F5BBA431}.Ad-Hoc|Any CPU.ActiveCfg = Release|Any CPU
		{06A76C99-FB5E-4C28-9F2C-CE10F5BBA431}.Ad-Hoc|Any CPU.Build.0 = Release|Any CPU
		{06A76C99-FB5E-4C28-9F2C-CE10F5BBA431}.Ad-Hoc|Any CPU.Deploy.0 = Release|Any CPU
		{06A76C99-FB5E-4C28-9F2C-CE10F5BBA431}.Ad-Hoc|ARM.ActiveCfg = Release|Any CPU
		{06A76C99-FB5E-4C28-9F2C-CE10F5BBA431}.Ad-Hoc|ARM.Build.0 = Release|Any CPU
		{06A76C99-FB5E-4C28-9F2C-CE10F5BBA431}.Ad-Hoc|ARM.Deploy.0 = Release|Any CPU
		{06A76C99-FB5E-4C28-9F2C-CE10F5BBA431}.Ad-Hoc|iPhone.ActiveCfg = Release|Any CPU
		{06A76C99-FB5E-4C28-9F2C-CE10F5BBA431}.Ad-Hoc|iPhone.Build.0 = Release|Any CPU
		{06A76C99-FB5E-4C28-9F2C-CE10F5BBA431}.Ad-Hoc|iPhone.Deploy.0 = Release|Any CPU
		{06A76C99-FB5E-4C28-9F2C-CE10F5BBA431}.Ad-Hoc|iPhoneSimulator.ActiveCfg = Release|Any CPU
		{06A76C99-FB5E-4C28-9F2C-CE10F5BBA431}.Ad-Hoc|iPhoneSimulator.Build.0 = Release|Any CPU
		{06A76C99-FB5E-4C28-9F2C-CE10F5BBA431}.Ad-Hoc|iPhoneSimulator.Deploy.0 = Release|Any CPU
		{06A76C99-FB5E-4C28-9F2C-CE10F5BBA431}.Ad-Hoc|x64.ActiveCfg = Release|Any CPU
		{06A76C99-FB5E-4C28-9F2C-CE10F5BBA431}.Ad-Hoc|x64.Build.0 = Release|Any CPU
		{06A76C99-FB5E-4C28-9F2C-CE10F5BBA431}.Ad-Hoc|x64.Deploy.0 = Release|Any CPU
		{06A76C99-FB5E-4C28-9F2C-CE10F5BBA431}.Ad-Hoc|x86.ActiveCfg = Release|Any CPU
		{06A76C99-FB5E-4C28-9F2C-CE10F5BBA431}.Ad-Hoc|x86.Build.0 = Release|Any CPU
		{06A76C99-FB5E-4C28-9F2C-CE10F5BBA431}.Ad-Hoc|x86.Deploy.0 = Release|Any CPU
		{06A76C99-FB5E-4C28-9F2C-CE10F5BBA431}.AppStore|Any CPU.ActiveCfg = Release|Any CPU
		{06A76C99-FB5E-4C28-9F2C-CE10F5BBA431}.AppStore|Any CPU.Build.0 = Release|Any CPU
		{06A76C99-FB5E-4C28-9F2C-CE10F5BBA431}.AppStore|Any CPU.Deploy.0 = Release|Any CPU
		{06A76C99-FB5E-4C28-9F2C-CE10F5BBA431}.AppStore|ARM.ActiveCfg = Release|Any CPU
		{06A76C99-FB5E-4C28-9F2C-CE10F5BBA431}.AppStore|ARM.Build.0 = Release|Any CPU
		{06A76C99-FB5E-4C28-9F2C-CE10F5BBA431}.AppStore|ARM.Deploy.0 = Release|Any CPU
		{06A76C99-FB5E-4C28-9F2C-CE10F5BBA431}.AppStore|iPhone.ActiveCfg = Release|Any CPU
		{06A76C99-FB5E-4C28-9F2C-CE10F5BBA431}.AppStore|iPhone.Build.0 = Release|Any CPU
		{06A76C99-FB5E-4C28-9F2C-CE10F5BBA431}.AppStore|iPhone.Deploy.0 = Release|Any CPU
		{06A76C99-FB5E-4C28-9F2C-CE10F5BBA431}.AppStore|iPhoneSimulator.ActiveCfg = Release|Any CPU
		{06A76C99-FB5E-4C28-9F2C-CE10F5BBA431}.AppStore|iPhoneSimulator.Build.0 = Release|Any CPU
		{06A76C99-FB5E-4C28-9F2C-CE10F5BBA431}.AppStore|iPhoneSimulator.Deploy.0 = Release|Any CPU
		{06A76C99-FB5E-4C28-9F2C-CE10F5BBA431}.AppStore|x64.ActiveCfg = Release|Any CPU
		{06A76C99-FB5E-4C28-9F2C-CE10F5BBA431}.AppStore|x64.Build.0 = Release|Any CPU
		{06A76C99-FB5E-4C28-9F2C-CE10F5BBA431}.AppStore|x64.Deploy.0 = Release|Any CPU
		{06A76C99-FB5E-4C28-9F2C-CE10F5BBA431}.AppStore|x86.ActiveCfg = Release|Any CPU
		{06A76C99-FB5E-4C28-9F2C-CE10F5BBA431}.AppStore|x86.Build.0 = Release|Any CPU
		{06A76C99-FB5E-4C28-9F2C-CE10F5BBA431}.AppStore|x86.Deploy.0 = Release|Any CPU
		{06A76C99-FB5E-4C28-9F2C-CE10F5BBA431}.Debug|Any CPU.ActiveCfg = Debug|Any CPU
		{06A76C99-FB5E-4C28-9F2C-CE10F5BBA431}.Debug|Any CPU.Build.0 = Debug|Any CPU
		{06A76C99-FB5E-4C28-9F2C-CE10F5BBA431}.Debug|Any CPU.Deploy.0 = Debug|Any CPU
		{06A76C99-FB5E-4C28-9F2C-CE10F5BBA431}.Debug|ARM.ActiveCfg = Debug|Any CPU
		{06A76C99-FB5E-4C28-9F2C-CE10F5BBA431}.Debug|ARM.Build.0 = Debug|Any CPU
		{06A76C99-FB5E-4C28-9F2C-CE10F5BBA431}.Debug|ARM.Deploy.0 = Debug|Any CPU
		{06A76C99-FB5E-4C28-9F2C-CE10F5BBA431}.Debug|iPhone.ActiveCfg = Debug|Any CPU
		{06A76C99-FB5E-4C28-9F2C-CE10F5BBA431}.Debug|iPhone.Build.0 = Debug|Any CPU
		{06A76C99-FB5E-4C28-9F2C-CE10F5BBA431}.Debug|iPhone.Deploy.0 = Debug|Any CPU
		{06A76C99-FB5E-4C28-9F2C-CE10F5BBA431}.Debug|iPhoneSimulator.ActiveCfg = Debug|Any CPU
		{06A76C99-FB5E-4C28-9F2C-CE10F5BBA431}.Debug|iPhoneSimulator.Build.0 = Debug|Any CPU
		{06A76C99-FB5E-4C28-9F2C-CE10F5BBA431}.Debug|iPhoneSimulator.Deploy.0 = Debug|Any CPU
		{06A76C99-FB5E-4C28-9F2C-CE10F5BBA431}.Debug|x64.ActiveCfg = Debug|Any CPU
		{06A76C99-FB5E-4C28-9F2C-CE10F5BBA431}.Debug|x64.Build.0 = Debug|Any CPU
		{06A76C99-FB5E-4C28-9F2C-CE10F5BBA431}.Debug|x64.Deploy.0 = Debug|Any CPU
		{06A76C99-FB5E-4C28-9F2C-CE10F5BBA431}.Debug|x86.ActiveCfg = Debug|Any CPU
		{06A76C99-FB5E-4C28-9F2C-CE10F5BBA431}.Debug|x86.Build.0 = Debug|Any CPU
		{06A76C99-FB5E-4C28-9F2C-CE10F5BBA431}.Debug|x86.Deploy.0 = Debug|Any CPU
		{06A76C99-FB5E-4C28-9F2C-CE10F5BBA431}.Release|Any CPU.ActiveCfg = Release|Any CPU
		{06A76C99-FB5E-4C28-9F2C-CE10F5BBA431}.Release|Any CPU.Build.0 = Release|Any CPU
		{06A76C99-FB5E-4C28-9F2C-CE10F5BBA431}.Release|Any CPU.Deploy.0 = Release|Any CPU
		{06A76C99-FB5E-4C28-9F2C-CE10F5BBA431}.Release|ARM.ActiveCfg = Release|Any CPU
		{06A76C99-FB5E-4C28-9F2C-CE10F5BBA431}.Release|ARM.Build.0 = Release|Any CPU
		{06A76C99-FB5E-4C28-9F2C-CE10F5BBA431}.Release|ARM.Deploy.0 = Release|Any CPU
		{06A76C99-FB5E-4C28-9F2C-CE10F5BBA431}.Release|iPhone.ActiveCfg = Release|Any CPU
		{06A76C99-FB5E-4C28-9F2C-CE10F5BBA431}.Release|iPhone.Build.0 = Release|Any CPU
		{06A76C99-FB5E-4C28-9F2C-CE10F5BBA431}.Release|iPhone.Deploy.0 = Release|Any CPU
		{06A76C99-FB5E-4C28-9F2C-CE10F5BBA431}.Release|iPhoneSimulator.ActiveCfg = Release|Any CPU
		{06A76C99-FB5E-4C28-9F2C-CE10F5BBA431}.Release|iPhoneSimulator.Build.0 = Release|Any CPU
		{06A76C99-FB5E-4C28-9F2C-CE10F5BBA431}.Release|iPhoneSimulator.Deploy.0 = Release|Any CPU
		{06A76C99-FB5E-4C28-9F2C-CE10F5BBA431}.Release|x64.ActiveCfg = Release|Any CPU
		{06A76C99-FB5E-4C28-9F2C-CE10F5BBA431}.Release|x64.Build.0 = Release|Any CPU
		{06A76C99-FB5E-4C28-9F2C-CE10F5BBA431}.Release|x64.Deploy.0 = Release|Any CPU
		{06A76C99-FB5E-4C28-9F2C-CE10F5BBA431}.Release|x86.ActiveCfg = Release|Any CPU
		{06A76C99-FB5E-4C28-9F2C-CE10F5BBA431}.Release|x86.Build.0 = Release|Any CPU
		{06A76C99-FB5E-4C28-9F2C-CE10F5BBA431}.Release|x86.Deploy.0 = Release|Any CPU
		{4EF4AE23-9FEA-4097-81EC-3E86EFD6E105}.Ad-Hoc|Any CPU.ActiveCfg = Release|Any CPU
		{4EF4AE23-9FEA-4097-81EC-3E86EFD6E105}.Ad-Hoc|Any CPU.Build.0 = Release|Any CPU
		{4EF4AE23-9FEA-4097-81EC-3E86EFD6E105}.Ad-Hoc|ARM.ActiveCfg = Release|Any CPU
		{4EF4AE23-9FEA-4097-81EC-3E86EFD6E105}.Ad-Hoc|ARM.Build.0 = Release|Any CPU
		{4EF4AE23-9FEA-4097-81EC-3E86EFD6E105}.Ad-Hoc|iPhone.ActiveCfg = Release|Any CPU
		{4EF4AE23-9FEA-4097-81EC-3E86EFD6E105}.Ad-Hoc|iPhone.Build.0 = Release|Any CPU
		{4EF4AE23-9FEA-4097-81EC-3E86EFD6E105}.Ad-Hoc|iPhoneSimulator.ActiveCfg = Release|Any CPU
		{4EF4AE23-9FEA-4097-81EC-3E86EFD6E105}.Ad-Hoc|iPhoneSimulator.Build.0 = Release|Any CPU
		{4EF4AE23-9FEA-4097-81EC-3E86EFD6E105}.Ad-Hoc|x64.ActiveCfg = Release|Any CPU
		{4EF4AE23-9FEA-4097-81EC-3E86EFD6E105}.Ad-Hoc|x64.Build.0 = Release|Any CPU
		{4EF4AE23-9FEA-4097-81EC-3E86EFD6E105}.Ad-Hoc|x86.ActiveCfg = Release|Any CPU
		{4EF4AE23-9FEA-4097-81EC-3E86EFD6E105}.Ad-Hoc|x86.Build.0 = Release|Any CPU
		{4EF4AE23-9FEA-4097-81EC-3E86EFD6E105}.AppStore|Any CPU.ActiveCfg = Release|Any CPU
		{4EF4AE23-9FEA-4097-81EC-3E86EFD6E105}.AppStore|Any CPU.Build.0 = Release|Any CPU
		{4EF4AE23-9FEA-4097-81EC-3E86EFD6E105}.AppStore|ARM.ActiveCfg = Release|Any CPU
		{4EF4AE23-9FEA-4097-81EC-3E86EFD6E105}.AppStore|ARM.Build.0 = Release|Any CPU
		{4EF4AE23-9FEA-4097-81EC-3E86EFD6E105}.AppStore|iPhone.ActiveCfg = Release|Any CPU
		{4EF4AE23-9FEA-4097-81EC-3E86EFD6E105}.AppStore|iPhone.Build.0 = Release|Any CPU
		{4EF4AE23-9FEA-4097-81EC-3E86EFD6E105}.AppStore|iPhoneSimulator.ActiveCfg = Release|Any CPU
		{4EF4AE23-9FEA-4097-81EC-3E86EFD6E105}.AppStore|iPhoneSimulator.Build.0 = Release|Any CPU
		{4EF4AE23-9FEA-4097-81EC-3E86EFD6E105}.AppStore|x64.ActiveCfg = Release|Any CPU
		{4EF4AE23-9FEA-4097-81EC-3E86EFD6E105}.AppStore|x64.Build.0 = Release|Any CPU
		{4EF4AE23-9FEA-4097-81EC-3E86EFD6E105}.AppStore|x86.ActiveCfg = Release|Any CPU
		{4EF4AE23-9FEA-4097-81EC-3E86EFD6E105}.AppStore|x86.Build.0 = Release|Any CPU
		{4EF4AE23-9FEA-4097-81EC-3E86EFD6E105}.Debug|Any CPU.ActiveCfg = Debug|Any CPU
		{4EF4AE23-9FEA-4097-81EC-3E86EFD6E105}.Debug|Any CPU.Build.0 = Debug|Any CPU
		{4EF4AE23-9FEA-4097-81EC-3E86EFD6E105}.Debug|ARM.ActiveCfg = Debug|Any CPU
		{4EF4AE23-9FEA-4097-81EC-3E86EFD6E105}.Debug|ARM.Build.0 = Debug|Any CPU
		{4EF4AE23-9FEA-4097-81EC-3E86EFD6E105}.Debug|iPhone.ActiveCfg = Debug|Any CPU
		{4EF4AE23-9FEA-4097-81EC-3E86EFD6E105}.Debug|iPhone.Build.0 = Debug|Any CPU
		{4EF4AE23-9FEA-4097-81EC-3E86EFD6E105}.Debug|iPhoneSimulator.ActiveCfg = Debug|Any CPU
		{4EF4AE23-9FEA-4097-81EC-3E86EFD6E105}.Debug|iPhoneSimulator.Build.0 = Debug|Any CPU
		{4EF4AE23-9FEA-4097-81EC-3E86EFD6E105}.Debug|x64.ActiveCfg = Debug|Any CPU
		{4EF4AE23-9FEA-4097-81EC-3E86EFD6E105}.Debug|x64.Build.0 = Debug|Any CPU
		{4EF4AE23-9FEA-4097-81EC-3E86EFD6E105}.Debug|x86.ActiveCfg = Debug|Any CPU
		{4EF4AE23-9FEA-4097-81EC-3E86EFD6E105}.Debug|x86.Build.0 = Debug|Any CPU
		{4EF4AE23-9FEA-4097-81EC-3E86EFD6E105}.Release|Any CPU.ActiveCfg = Release|Any CPU
		{4EF4AE23-9FEA-4097-81EC-3E86EFD6E105}.Release|Any CPU.Build.0 = Release|Any CPU
		{4EF4AE23-9FEA-4097-81EC-3E86EFD6E105}.Release|ARM.ActiveCfg = Release|Any CPU
		{4EF4AE23-9FEA-4097-81EC-3E86EFD6E105}.Release|ARM.Build.0 = Release|Any CPU
		{4EF4AE23-9FEA-4097-81EC-3E86EFD6E105}.Release|iPhone.ActiveCfg = Release|Any CPU
		{4EF4AE23-9FEA-4097-81EC-3E86EFD6E105}.Release|iPhone.Build.0 = Release|Any CPU
		{4EF4AE23-9FEA-4097-81EC-3E86EFD6E105}.Release|iPhoneSimulator.ActiveCfg = Release|Any CPU
		{4EF4AE23-9FEA-4097-81EC-3E86EFD6E105}.Release|iPhoneSimulator.Build.0 = Release|Any CPU
		{4EF4AE23-9FEA-4097-81EC-3E86EFD6E105}.Release|x64.ActiveCfg = Release|Any CPU
		{4EF4AE23-9FEA-4097-81EC-3E86EFD6E105}.Release|x64.Build.0 = Release|Any CPU
		{4EF4AE23-9FEA-4097-81EC-3E86EFD6E105}.Release|x86.ActiveCfg = Release|Any CPU
		{4EF4AE23-9FEA-4097-81EC-3E86EFD6E105}.Release|x86.Build.0 = Release|Any CPU
		{49EA1B69-0DE7-4CB2-93A4-282BCBCD0AEE}.Ad-Hoc|Any CPU.ActiveCfg = Release|x86
		{49EA1B69-0DE7-4CB2-93A4-282BCBCD0AEE}.Ad-Hoc|Any CPU.Build.0 = Release|x86
		{49EA1B69-0DE7-4CB2-93A4-282BCBCD0AEE}.Ad-Hoc|Any CPU.Deploy.0 = Release|x86
		{49EA1B69-0DE7-4CB2-93A4-282BCBCD0AEE}.Ad-Hoc|ARM.ActiveCfg = Release|ARM
		{49EA1B69-0DE7-4CB2-93A4-282BCBCD0AEE}.Ad-Hoc|ARM.Build.0 = Release|ARM
		{49EA1B69-0DE7-4CB2-93A4-282BCBCD0AEE}.Ad-Hoc|ARM.Deploy.0 = Release|ARM
		{49EA1B69-0DE7-4CB2-93A4-282BCBCD0AEE}.Ad-Hoc|iPhone.ActiveCfg = Release|x86
		{49EA1B69-0DE7-4CB2-93A4-282BCBCD0AEE}.Ad-Hoc|iPhone.Build.0 = Release|x86
		{49EA1B69-0DE7-4CB2-93A4-282BCBCD0AEE}.Ad-Hoc|iPhone.Deploy.0 = Release|x86
		{49EA1B69-0DE7-4CB2-93A4-282BCBCD0AEE}.Ad-Hoc|iPhoneSimulator.ActiveCfg = Release|x86
		{49EA1B69-0DE7-4CB2-93A4-282BCBCD0AEE}.Ad-Hoc|iPhoneSimulator.Build.0 = Release|x86
		{49EA1B69-0DE7-4CB2-93A4-282BCBCD0AEE}.Ad-Hoc|iPhoneSimulator.Deploy.0 = Release|x86
		{49EA1B69-0DE7-4CB2-93A4-282BCBCD0AEE}.Ad-Hoc|x64.ActiveCfg = Release|x64
		{49EA1B69-0DE7-4CB2-93A4-282BCBCD0AEE}.Ad-Hoc|x64.Build.0 = Release|x64
		{49EA1B69-0DE7-4CB2-93A4-282BCBCD0AEE}.Ad-Hoc|x64.Deploy.0 = Release|x64
		{49EA1B69-0DE7-4CB2-93A4-282BCBCD0AEE}.Ad-Hoc|x86.ActiveCfg = Release|x86
		{49EA1B69-0DE7-4CB2-93A4-282BCBCD0AEE}.Ad-Hoc|x86.Build.0 = Release|x86
		{49EA1B69-0DE7-4CB2-93A4-282BCBCD0AEE}.Ad-Hoc|x86.Deploy.0 = Release|x86
		{49EA1B69-0DE7-4CB2-93A4-282BCBCD0AEE}.AppStore|Any CPU.ActiveCfg = Release|x86
		{49EA1B69-0DE7-4CB2-93A4-282BCBCD0AEE}.AppStore|Any CPU.Build.0 = Release|x86
		{49EA1B69-0DE7-4CB2-93A4-282BCBCD0AEE}.AppStore|Any CPU.Deploy.0 = Release|x86
		{49EA1B69-0DE7-4CB2-93A4-282BCBCD0AEE}.AppStore|ARM.ActiveCfg = Release|ARM
		{49EA1B69-0DE7-4CB2-93A4-282BCBCD0AEE}.AppStore|ARM.Build.0 = Release|ARM
		{49EA1B69-0DE7-4CB2-93A4-282BCBCD0AEE}.AppStore|ARM.Deploy.0 = Release|ARM
		{49EA1B69-0DE7-4CB2-93A4-282BCBCD0AEE}.AppStore|iPhone.ActiveCfg = Release|x86
		{49EA1B69-0DE7-4CB2-93A4-282BCBCD0AEE}.AppStore|iPhone.Build.0 = Release|x86
		{49EA1B69-0DE7-4CB2-93A4-282BCBCD0AEE}.AppStore|iPhone.Deploy.0 = Release|x86
		{49EA1B69-0DE7-4CB2-93A4-282BCBCD0AEE}.AppStore|iPhoneSimulator.ActiveCfg = Release|x86
		{49EA1B69-0DE7-4CB2-93A4-282BCBCD0AEE}.AppStore|iPhoneSimulator.Build.0 = Release|x86
		{49EA1B69-0DE7-4CB2-93A4-282BCBCD0AEE}.AppStore|iPhoneSimulator.Deploy.0 = Release|x86
		{49EA1B69-0DE7-4CB2-93A4-282BCBCD0AEE}.AppStore|x64.ActiveCfg = Release|x64
		{49EA1B69-0DE7-4CB2-93A4-282BCBCD0AEE}.AppStore|x64.Build.0 = Release|x64
		{49EA1B69-0DE7-4CB2-93A4-282BCBCD0AEE}.AppStore|x64.Deploy.0 = Release|x64
		{49EA1B69-0DE7-4CB2-93A4-282BCBCD0AEE}.AppStore|x86.ActiveCfg = Release|x86
		{49EA1B69-0DE7-4CB2-93A4-282BCBCD0AEE}.AppStore|x86.Build.0 = Release|x86
		{49EA1B69-0DE7-4CB2-93A4-282BCBCD0AEE}.AppStore|x86.Deploy.0 = Release|x86
		{49EA1B69-0DE7-4CB2-93A4-282BCBCD0AEE}.Debug|Any CPU.ActiveCfg = Debug|x86
		{49EA1B69-0DE7-4CB2-93A4-282BCBCD0AEE}.Debug|ARM.ActiveCfg = Debug|ARM
		{49EA1B69-0DE7-4CB2-93A4-282BCBCD0AEE}.Debug|ARM.Build.0 = Debug|ARM
		{49EA1B69-0DE7-4CB2-93A4-282BCBCD0AEE}.Debug|ARM.Deploy.0 = Debug|ARM
		{49EA1B69-0DE7-4CB2-93A4-282BCBCD0AEE}.Debug|iPhone.ActiveCfg = Debug|x86
		{49EA1B69-0DE7-4CB2-93A4-282BCBCD0AEE}.Debug|iPhoneSimulator.ActiveCfg = Debug|x86
		{49EA1B69-0DE7-4CB2-93A4-282BCBCD0AEE}.Debug|x64.ActiveCfg = Debug|x64
		{49EA1B69-0DE7-4CB2-93A4-282BCBCD0AEE}.Debug|x64.Build.0 = Debug|x64
		{49EA1B69-0DE7-4CB2-93A4-282BCBCD0AEE}.Debug|x64.Deploy.0 = Debug|x64
		{49EA1B69-0DE7-4CB2-93A4-282BCBCD0AEE}.Debug|x86.ActiveCfg = Debug|x86
		{49EA1B69-0DE7-4CB2-93A4-282BCBCD0AEE}.Debug|x86.Build.0 = Debug|x86
		{49EA1B69-0DE7-4CB2-93A4-282BCBCD0AEE}.Debug|x86.Deploy.0 = Debug|x86
		{49EA1B69-0DE7-4CB2-93A4-282BCBCD0AEE}.Release|Any CPU.ActiveCfg = Release|x86
		{49EA1B69-0DE7-4CB2-93A4-282BCBCD0AEE}.Release|ARM.ActiveCfg = Release|ARM
		{49EA1B69-0DE7-4CB2-93A4-282BCBCD0AEE}.Release|ARM.Build.0 = Release|ARM
		{49EA1B69-0DE7-4CB2-93A4-282BCBCD0AEE}.Release|ARM.Deploy.0 = Release|ARM
		{49EA1B69-0DE7-4CB2-93A4-282BCBCD0AEE}.Release|iPhone.ActiveCfg = Release|x86
		{49EA1B69-0DE7-4CB2-93A4-282BCBCD0AEE}.Release|iPhoneSimulator.ActiveCfg = Release|x86
		{49EA1B69-0DE7-4CB2-93A4-282BCBCD0AEE}.Release|x64.ActiveCfg = Release|x64
		{49EA1B69-0DE7-4CB2-93A4-282BCBCD0AEE}.Release|x64.Build.0 = Release|x64
		{49EA1B69-0DE7-4CB2-93A4-282BCBCD0AEE}.Release|x64.Deploy.0 = Release|x64
		{49EA1B69-0DE7-4CB2-93A4-282BCBCD0AEE}.Release|x86.ActiveCfg = Release|x86
		{49EA1B69-0DE7-4CB2-93A4-282BCBCD0AEE}.Release|x86.Build.0 = Release|x86
		{49EA1B69-0DE7-4CB2-93A4-282BCBCD0AEE}.Release|x86.Deploy.0 = Release|x86
		{68C46558-DE70-4FB1-89EA-EEF6C3B2903F}.Ad-Hoc|Any CPU.ActiveCfg = Ad-Hoc|iPhone
		{68C46558-DE70-4FB1-89EA-EEF6C3B2903F}.Ad-Hoc|ARM.ActiveCfg = Ad-Hoc|iPhone
		{68C46558-DE70-4FB1-89EA-EEF6C3B2903F}.Ad-Hoc|iPhone.ActiveCfg = Ad-Hoc|iPhone
		{68C46558-DE70-4FB1-89EA-EEF6C3B2903F}.Ad-Hoc|iPhone.Build.0 = Ad-Hoc|iPhone
		{68C46558-DE70-4FB1-89EA-EEF6C3B2903F}.Ad-Hoc|iPhoneSimulator.ActiveCfg = Ad-Hoc|iPhoneSimulator
		{68C46558-DE70-4FB1-89EA-EEF6C3B2903F}.Ad-Hoc|iPhoneSimulator.Build.0 = Ad-Hoc|iPhoneSimulator
		{68C46558-DE70-4FB1-89EA-EEF6C3B2903F}.Ad-Hoc|x64.ActiveCfg = Ad-Hoc|iPhone
		{68C46558-DE70-4FB1-89EA-EEF6C3B2903F}.Ad-Hoc|x86.ActiveCfg = Ad-Hoc|iPhone
		{68C46558-DE70-4FB1-89EA-EEF6C3B2903F}.AppStore|Any CPU.ActiveCfg = AppStore|iPhone
		{68C46558-DE70-4FB1-89EA-EEF6C3B2903F}.AppStore|ARM.ActiveCfg = AppStore|iPhone
		{68C46558-DE70-4FB1-89EA-EEF6C3B2903F}.AppStore|iPhone.ActiveCfg = AppStore|iPhone
		{68C46558-DE70-4FB1-89EA-EEF6C3B2903F}.AppStore|iPhone.Build.0 = AppStore|iPhone
		{68C46558-DE70-4FB1-89EA-EEF6C3B2903F}.AppStore|iPhoneSimulator.ActiveCfg = AppStore|iPhoneSimulator
		{68C46558-DE70-4FB1-89EA-EEF6C3B2903F}.AppStore|iPhoneSimulator.Build.0 = AppStore|iPhoneSimulator
		{68C46558-DE70-4FB1-89EA-EEF6C3B2903F}.AppStore|x64.ActiveCfg = AppStore|iPhone
		{68C46558-DE70-4FB1-89EA-EEF6C3B2903F}.AppStore|x86.ActiveCfg = AppStore|iPhone
		{68C46558-DE70-4FB1-89EA-EEF6C3B2903F}.Debug|Any CPU.ActiveCfg = Debug|iPhone
		{68C46558-DE70-4FB1-89EA-EEF6C3B2903F}.Debug|ARM.ActiveCfg = Debug|iPhone
		{68C46558-DE70-4FB1-89EA-EEF6C3B2903F}.Debug|iPhone.ActiveCfg = Debug|iPhone
		{68C46558-DE70-4FB1-89EA-EEF6C3B2903F}.Debug|iPhone.Build.0 = Debug|iPhone
		{68C46558-DE70-4FB1-89EA-EEF6C3B2903F}.Debug|iPhoneSimulator.ActiveCfg = Debug|iPhoneSimulator
		{68C46558-DE70-4FB1-89EA-EEF6C3B2903F}.Debug|iPhoneSimulator.Build.0 = Debug|iPhoneSimulator
		{68C46558-DE70-4FB1-89EA-EEF6C3B2903F}.Debug|x64.ActiveCfg = Debug|iPhone
		{68C46558-DE70-4FB1-89EA-EEF6C3B2903F}.Debug|x86.ActiveCfg = Debug|iPhone
		{68C46558-DE70-4FB1-89EA-EEF6C3B2903F}.Release|Any CPU.ActiveCfg = Release|iPhone
		{68C46558-DE70-4FB1-89EA-EEF6C3B2903F}.Release|ARM.ActiveCfg = Release|iPhone
		{68C46558-DE70-4FB1-89EA-EEF6C3B2903F}.Release|iPhone.ActiveCfg = Release|iPhone
		{68C46558-DE70-4FB1-89EA-EEF6C3B2903F}.Release|iPhone.Build.0 = Release|iPhone
		{68C46558-DE70-4FB1-89EA-EEF6C3B2903F}.Release|iPhoneSimulator.ActiveCfg = Release|iPhoneSimulator
		{68C46558-DE70-4FB1-89EA-EEF6C3B2903F}.Release|iPhoneSimulator.Build.0 = Release|iPhoneSimulator
		{68C46558-DE70-4FB1-89EA-EEF6C3B2903F}.Release|x64.ActiveCfg = Release|iPhone
		{68C46558-DE70-4FB1-89EA-EEF6C3B2903F}.Release|x86.ActiveCfg = Release|iPhone
	EndGlobalSection
	GlobalSection(SolutionProperties) = preSolution
		HideSolutionNode = FALSE
	EndGlobalSection
	GlobalSection(NestedProjects) = preSolution
		{14087E65-CCAA-49BF-905F-4835C877BED7} = {EEAD3011-9208-4D5C-ACE6-4481B57BB468}
		{DEE46440-0596-4D98-84E6-F8CF9E23DADE} = {EEAD3011-9208-4D5C-ACE6-4481B57BB468}
		{967EBCB5-31A0-4F75-A853-D9240E2F163B} = {EEAD3011-9208-4D5C-ACE6-4481B57BB468}
		{6E98D5EE-8EDB-402A-863F-4CA77F5660E8} = {EEAD3011-9208-4D5C-ACE6-4481B57BB468}
		{06A76C99-FB5E-4C28-9F2C-CE10F5BBA431} = {DA802CF3-3DBC-4C33-B687-667CD8D2F1B8}
		{4EF4AE23-9FEA-4097-81EC-3E86EFD6E105} = {DA802CF3-3DBC-4C33-B687-667CD8D2F1B8}
		{49EA1B69-0DE7-4CB2-93A4-282BCBCD0AEE} = {DA802CF3-3DBC-4C33-B687-667CD8D2F1B8}
		{68C46558-DE70-4FB1-89EA-EEF6C3B2903F} = {DA802CF3-3DBC-4C33-B687-667CD8D2F1B8}
	EndGlobalSection
EndGlobal
